PODS:
  - DownPicker (0.1.34)
  - GoogleAds-IMA-iOS-SDK (3.4.1)
  - Log (1.0)
  - PlayKit/AnalyticsCommon (0.1.15):
    - PlayKit/Core
  - PlayKit/Core (0.1.15):
    - Log
    - SwiftyJSON
    - SwiftyXMLParser
  - PlayKit/IMAPlugin (0.1.15):
    - GoogleAds-IMA-iOS-SDK (= 3.4.1)
    - PlayKit/Core
  - PlayKit/WidevineClassic (0.1.15):
    - PlayKit/Core
    - PlayKitWV
  - PlayKit/YouboraPlugin (0.1.15):
    - PlayKit/AnalyticsCommon
    - PlayKit/Core
    - Youbora-AVPlayer/dynamic
  - PlayKitWV (0.0.4)
  - SwiftyJSON (3.1.4)
  - SwiftyXMLParser (3.0.0)
  - Youbora-AVPlayer/dynamic (5.3.5):
    - Youbora-YouboraLib/dynamic (= 5.3.8)
  - Youbora-YouboraLib/dynamic (5.3.8)

DEPENDENCIES:
  - DownPicker
  - PlayKit/Core (from `https://github.com/kaltura/playkit-ios.git`, tag `widevine/v0.1.15`)
  - PlayKit/IMAPlugin (from `https://github.com/kaltura/playkit-ios.git`, tag `widevine/v0.1.15`)
  - PlayKit/WidevineClassic (from `https://github.com/kaltura/playkit-ios.git`, tag `widevine/v0.1.15`)
  - PlayKit/YouboraPlugin (from `https://github.com/kaltura/playkit-ios.git`, tag `widevine/v0.1.15`)

EXTERNAL SOURCES:
  PlayKit:
    :git: https://github.com/kaltura/playkit-ios.git
    :tag: widevine/v0.1.15

CHECKOUT OPTIONS:
  PlayKit:
    :git: https://github.com/kaltura/playkit-ios.git
    :tag: widevine/v0.1.15

SPEC CHECKSUMS:
  DownPicker: c00ea63f08ae82116cc93d0eba74e86bf3d4c68e
  GoogleAds-IMA-iOS-SDK: 7355db22ce69be4607ed0cc5112847b2b0c5e89d
  Log: 5e368c9528db07517d18d2d04ff5fe2b6f5a1e21
  PlayKit: 30cee27b7f30fec92258a5338f67c0c728a18612
  PlayKitWV: 1c5e41e54785172380538e84e84360579874c5e7
  SwiftyJSON: c2842d878f95482ffceec5709abc3d05680c0220
  SwiftyXMLParser: 8d2295fb4fbc6e2ff241e7c8d7717e159be35969
  Youbora-AVPlayer: 02aea2a12a4f7e6a61d8a1747e5dfc177bf2354b
  Youbora-YouboraLib: 523adf7cd09c4a213e3485e6ec7c48d498986246

PODFILE CHECKSUM: 66a76fd2442b348d2e99bf267448eee006eee360

COCOAPODS: 1.2.0
