PODS:
  - KalturaNetKit (0.0.17):
    - KalturaNetKit/Core (= 0.0.17)
  - KalturaNetKit/Core (0.0.17):
    - SwiftyJSON
  - Log (1.0)
  - PlayKit (3.3.2):
    - PlayKit/Core (= 3.3.2)
  - PlayKit/Core (3.3.2):
    - KalturaNetKit (~> 0.0)
    - Log (= 1.0)
    - SwiftyJSON (= 3.1.4)
    - SwiftyXMLParser (= 3.0.3)
  - SwiftyJSON (3.1.4)
  - SwiftyXMLParser (3.0.3)

DEPENDENCIES:
  - PlayKit (from `https://github.com/kaltura/playkit-ios.git`, branch `master`)

EXTERNAL SOURCES:
  PlayKit:
    :branch: master
    :git: https://github.com/kaltura/playkit-ios.git

CHECKOUT OPTIONS:
  PlayKit:
    :commit: ce650f167b9ef8a22aadcac215ea816886e77946
    :git: https://github.com/kaltura/playkit-ios.git

SPEC CHECKSUMS:
  KalturaNetKit: d37b3c6fc08da9935677fc547c59b25abc3574a3
  Log: 5e368c9528db07517d18d2d04ff5fe2b6f5a1e21
  PlayKit: 66d02246bc9e026dee85baebd1627de80b302aff
  SwiftyJSON: c2842d878f95482ffceec5709abc3d05680c0220
  SwiftyXMLParser: 9c6cc0310e778266a63d8eba50d9e07925aab0fb

PODFILE CHECKSUM: 421ff77f877f18ce4308d7961ce1a2709db66456

COCOAPODS: 1.3.1
