PODS:
  - KalturaNetKit (1.3.0):
    - KalturaNetKit/Core (= 1.3.0)
  - KalturaNetKit/Core (1.3.0):
    - SwiftyJSON (= 4.3.0)
  - ObjcExceptionBridging (1.0.1):
    - ObjcExceptionBridging/ObjcExceptionBridging (= 1.0.1)
  - ObjcExceptionBridging/ObjcExceptionBridging (1.0.1)
  - PlayKit (3.14.0):
    - PlayKit/Core (= 3.14.0)
  - PlayKit/Core (3.14.0):
    - KalturaNetKit (~> 1.3)
    - PlayKitUtils (~> 0.4)
    - SwiftyJSON (= 4.3.0)
    - XCGLogger (= 7.0.0)
  - PlayKitUtils (0.4.0)
  - SwiftyJSON (4.3.0)
  - XCGLogger (7.0.0):
    - XCGLogger/Core (= 7.0.0)
  - XCGLogger/Core (7.0.0):
    - ObjcExceptionBridging

DEPENDENCIES:
  - PlayKit (~> 3.12)

SPEC REPOS:
  https://github.com/CocoaPods/Specs.git:
    - KalturaNetKit
    - ObjcExceptionBridging
    - PlayKit
    - PlayKitUtils
    - SwiftyJSON
    - XCGLogger

SPEC CHECKSUMS:
  KalturaNetKit: 638852ff98361e1421fd52035d3390e7ffbd4c8a
  ObjcExceptionBridging: c30e00eb3700467e695faeea30e26e18bd445001
  PlayKit: 5660408440b89b7b61078f4be463b56adbcc13ef
  PlayKitUtils: 98bffe139cffe5cb1fe8fc757b58845c939caf67
  SwiftyJSON: 6faa0040f8b59dead0ee07436cbf76b73c08fd08
  XCGLogger: 0434f15e3909cdc450bb63faf638b8792ab782ab

PODFILE CHECKSUM: 0302406cfc8f02033e43784cd97536da172e296a

COCOAPODS: 1.8.0
