// !$*UTF8*$!
{
	archiveVersion = 1;
	classes = {
	};
	objectVersion = 56;
	objects = {

/* Begin PBXBuildFile section */
		90DE814528F73E4F00666DFF /* AppDelegate.swift in Sources */ = {isa = PBXBuildFile; fileRef = 90DE814428F73E4F00666DFF /* AppDelegate.swift */; };
		90DE814728F73E4F00666DFF /* SceneDelegate.swift in Sources */ = {isa = PBXBuildFile; fileRef = 90DE814628F73E4F00666DFF /* SceneDelegate.swift */; };
		90DE814928F73E4F00666DFF /* PlayerViewController.swift in Sources */ = {isa = PBXBuildFile; fileRef = 90DE814828F73E4F00666DFF /* PlayerViewController.swift */; };
		90DE814C28F73E4F00666DFF /* Main.storyboard in Resources */ = {isa = PBXBuildFile; fileRef = 90DE814A28F73E4F00666DFF /* Main.storyboard */; };
		90DE814E28F73E5100666DFF /* Assets.xcassets in Resources */ = {isa = PBXBuildFile; fileRef = 90DE814D28F73E5100666DFF /* Assets.xcassets */; };
		90DE815128F73E5100666DFF /* LaunchScreen.storyboard in Resources */ = {isa = PBXBuildFile; fileRef = 90DE814F28F73E5100666DFF /* LaunchScreen.storyboard */; };
		E2922DC8CB05DE2FF65B9759 /* Pods_ContentModeSample.framework in Frameworks */ = {isa = PBXBuildFile; fileRef = 17F95A5F1D14AF1CC27AC79B /* Pods_ContentModeSample.framework */; };
/* End PBXBuildFile section */

/* Begin PBXFileReference section */
		1677848073AC4138A0836BBC /* Pods-ContentModeSample.debug.xcconfig */ = {isa = PBXFileReference; includeInIndex = 1; lastKnownFileType = text.xcconfig; name = "Pods-ContentModeSample.debug.xcconfig"; path = "Target Support Files/Pods-ContentModeSample/Pods-ContentModeSample.debug.xcconfig"; sourceTree = "<group>"; };
		17F95A5F1D14AF1CC27AC79B /* Pods_ContentModeSample.framework */ = {isa = PBXFileReference; explicitFileType = wrapper.framework; includeInIndex = 0; path = Pods_ContentModeSample.framework; sourceTree = BUILT_PRODUCTS_DIR; };
		79DE03EBEDD0CB1A35CF6F4E /* Pods-ContentModeSample.release.xcconfig */ = {isa = PBXFileReference; includeInIndex = 1; lastKnownFileType = text.xcconfig; name = "Pods-ContentModeSample.release.xcconfig"; path = "Target Support Files/Pods-ContentModeSample/Pods-ContentModeSample.release.xcconfig"; sourceTree = "<group>"; };
		90DE814128F73E4F00666DFF /* ContentModeSample.app */ = {isa = PBXFileReference; explicitFileType = wrapper.application; includeInIndex = 0; path = ContentModeSample.app; sourceTree = BUILT_PRODUCTS_DIR; };
		90DE814428F73E4F00666DFF /* AppDelegate.swift */ = {isa = PBXFileReference; lastKnownFileType = sourcecode.swift; path = AppDelegate.swift; sourceTree = "<group>"; };
		90DE814628F73E4F00666DFF /* SceneDelegate.swift */ = {isa = PBXFileReference; lastKnownFileType = sourcecode.swift; path = SceneDelegate.swift; sourceTree = "<group>"; };
		90DE814828F73E4F00666DFF /* PlayerViewController.swift */ = {isa = PBXFileReference; lastKnownFileType = sourcecode.swift; path = PlayerViewController.swift; sourceTree = "<group>"; };
		90DE814B28F73E4F00666DFF /* Base */ = {isa = PBXFileReference; lastKnownFileType = file.storyboard; name = Base; path = Base.lproj/Main.storyboard; sourceTree = "<group>"; };
		90DE814D28F73E5100666DFF /* Assets.xcassets */ = {isa = PBXFileReference; lastKnownFileType = folder.assetcatalog; path = Assets.xcassets; sourceTree = "<group>"; };
		90DE815028F73E5100666DFF /* Base */ = {isa = PBXFileReference; lastKnownFileType = file.storyboard; name = Base; path = Base.lproj/LaunchScreen.storyboard; sourceTree = "<group>"; };
		90DE815228F73E5100666DFF /* Info.plist */ = {isa = PBXFileReference; lastKnownFileType = text.plist.xml; path = Info.plist; sourceTree = "<group>"; };
/* End PBXFileReference section */

/* Begin PBXFrameworksBuildPhase section */
		90DE813E28F73E4F00666DFF /* Frameworks */ = {
			isa = PBXFrameworksBuildPhase;
			buildActionMask = 2147483647;
			files = (
				E2922DC8CB05DE2FF65B9759 /* Pods_ContentModeSample.framework in Frameworks */,
			);
			runOnlyForDeploymentPostprocessing = 0;
		};
/* End PBXFrameworksBuildPhase section */

/* Begin PBXGroup section */
		559B6B2F20AEEB95AF8F418A /* Frameworks */ = {
			isa = PBXGroup;
			children = (
				17F95A5F1D14AF1CC27AC79B /* Pods_ContentModeSample.framework */,
			);
			name = Frameworks;
			sourceTree = "<group>";
		};
		90DE813828F73E4F00666DFF = {
			isa = PBXGroup;
			children = (
				90DE814328F73E4F00666DFF /* ContentModeSample */,
				90DE814228F73E4F00666DFF /* Products */,
				E05BD1C8581FE720A940FE2E /* Pods */,
				559B6B2F20AEEB95AF8F418A /* Frameworks */,
			);
			sourceTree = "<group>";
		};
		90DE814228F73E4F00666DFF /* Products */ = {
			isa = PBXGroup;
			children = (
				90DE814128F73E4F00666DFF /* ContentModeSample.app */,
			);
			name = Products;
			sourceTree = "<group>";
		};
		90DE814328F73E4F00666DFF /* ContentModeSample */ = {
			isa = PBXGroup;
			children = (
				90DE814428F73E4F00666DFF /* AppDelegate.swift */,
				90DE814628F73E4F00666DFF /* SceneDelegate.swift */,
				90DE814828F73E4F00666DFF /* PlayerViewController.swift */,
				90DE814A28F73E4F00666DFF /* Main.storyboard */,
				90DE814D28F73E5100666DFF /* Assets.xcassets */,
				90DE814F28F73E5100666DFF /* LaunchScreen.storyboard */,
				90DE815228F73E5100666DFF /* Info.plist */,
			);
			path = ContentModeSample;
			sourceTree = "<group>";
		};
		E05BD1C8581FE720A940FE2E /* Pods */ = {
			isa = PBXGroup;
			children = (
				1677848073AC4138A0836BBC /* Pods-ContentModeSample.debug.xcconfig */,
				79DE03EBEDD0CB1A35CF6F4E /* Pods-ContentModeSample.release.xcconfig */,
			);
			path = Pods;
			sourceTree = "<group>";
		};
/* End PBXGroup section */

/* Begin PBXNativeTarget section */
		90DE814028F73E4F00666DFF /* ContentModeSample */ = {
			isa = PBXNativeTarget;
			buildConfigurationList = 90DE815528F73E5100666DFF /* Build configuration list for PBXNativeTarget "ContentModeSample" */;
			buildPhases = (
				3034224DCC47100260C218F3 /* [CP] Check Pods Manifest.lock */,
				90DE813D28F73E4F00666DFF /* Sources */,
				90DE813E28F73E4F00666DFF /* Frameworks */,
				90DE813F28F73E4F00666DFF /* Resources */,
				C4321A2062C2E0F6AF3D6954 /* [CP] Embed Pods Frameworks */,
			);
			buildRules = (
			);
			dependencies = (
			);
			name = ContentModeSample;
			productName = ContentModeSample;
			productReference = 90DE814128F73E4F00666DFF /* ContentModeSample.app */;
			productType = "com.apple.product-type.application";
		};
/* End PBXNativeTarget section */

/* Begin PBXProject section */
		90DE813928F73E4F00666DFF /* Project object */ = {
			isa = PBXProject;
			attributes = {
				BuildIndependentTargetsInParallel = 1;
				LastSwiftUpdateCheck = 1400;
				LastUpgradeCheck = 1400;
				TargetAttributes = {
					90DE814028F73E4F00666DFF = {
						CreatedOnToolsVersion = 14.0;
					};
				};
			};
			buildConfigurationList = 90DE813C28F73E4F00666DFF /* Build configuration list for PBXProject "ContentModeSample" */;
			compatibilityVersion = "Xcode 14.0";
			developmentRegion = en;
			hasScannedForEncodings = 0;
			knownRegions = (
				en,
				Base,
			);
			mainGroup = 90DE813828F73E4F00666DFF;
			productRefGroup = 90DE814228F73E4F00666DFF /* Products */;
			projectDirPath = "";
			projectRoot = "";
			targets = (
				90DE814028F73E4F00666DFF /* ContentModeSample */,
			);
		};
/* End PBXProject section */

/* Begin PBXResourcesBuildPhase section */
		90DE813F28F73E4F00666DFF /* Resources */ = {
			isa = PBXResourcesBuildPhase;
			buildActionMask = 2147483647;
			files = (
				90DE815128F73E5100666DFF /* LaunchScreen.storyboard in Resources */,
				90DE814E28F73E5100666DFF /* Assets.xcassets in Resources */,
				90DE814C28F73E4F00666DFF /* Main.storyboard in Resources */,
			);
			runOnlyForDeploymentPostprocessing = 0;
		};
/* End PBXResourcesBuildPhase section */

/* Begin PBXShellScriptBuildPhase section */
		3034224DCC47100260C218F3 /* [CP] Check Pods Manifest.lock */ = {
			isa = PBXShellScriptBuildPhase;
			buildActionMask = 2147483647;
			files = (
			);
			inputFileListPaths = (
			);
			inputPaths = (
				"${PODS_PODFILE_DIR_PATH}/Podfile.lock",
				"${PODS_ROOT}/Manifest.lock",
			);
			name = "[CP] Check Pods Manifest.lock";
			outputFileListPaths = (
			);
			outputPaths = (
				"$(DERIVED_FILE_DIR)/Pods-ContentModeSample-checkManifestLockResult.txt",
			);
			runOnlyForDeploymentPostprocessing = 0;
			shellPath = /bin/sh;
			shellScript = "diff \"${PODS_PODFILE_DIR_PATH}/Podfile.lock\" \"${PODS_ROOT}/Manifest.lock\" > /dev/null\nif [ $? != 0 ] ; then\n    # print error to STDERR\n    echo \"error: The sandbox is not in sync with the Podfile.lock. Run 'pod install' or update your CocoaPods installation.\" >&2\n    exit 1\nfi\n# This output is used by Xcode 'outputs' to avoid re-running this script phase.\necho \"SUCCESS\" > \"${SCRIPT_OUTPUT_FILE_0}\"\n";
			showEnvVarsInLog = 0;
		};
		C4321A2062C2E0F6AF3D6954 /* [CP] Embed Pods Frameworks */ = {
			isa = PBXShellScriptBuildPhase;
			buildActionMask = 2147483647;
			files = (
			);
			inputFileListPaths = (
				"${PODS_ROOT}/Target Support Files/Pods-ContentModeSample/Pods-ContentModeSample-frameworks-${CONFIGURATION}-input-files.xcfilelist",
			);
			name = "[CP] Embed Pods Frameworks";
			outputFileListPaths = (
				"${PODS_ROOT}/Target Support Files/Pods-ContentModeSample/Pods-ContentModeSample-frameworks-${CONFIGURATION}-output-files.xcfilelist",
			);
			runOnlyForDeploymentPostprocessing = 0;
			shellPath = /bin/sh;
			shellScript = "\"${PODS_ROOT}/Target Support Files/Pods-ContentModeSample/Pods-ContentModeSample-frameworks.sh\"\n";
			showEnvVarsInLog = 0;
		};
/* End PBXShellScriptBuildPhase section */

/* Begin PBXSourcesBuildPhase section */
		90DE813D28F73E4F00666DFF /* Sources */ = {
			isa = PBXSourcesBuildPhase;
			buildActionMask = 2147483647;
			files = (
				90DE814928F73E4F00666DFF /* PlayerViewController.swift in Sources */,
				90DE814528F73E4F00666DFF /* AppDelegate.swift in Sources */,
				90DE814728F73E4F00666DFF /* SceneDelegate.swift in Sources */,
			);
			runOnlyForDeploymentPostprocessing = 0;
		};
/* End PBXSourcesBuildPhase section */

/* Begin PBXVariantGroup section */
		90DE814A28F73E4F00666DFF /* Main.storyboard */ = {
			isa = PBXVariantGroup;
			children = (
				90DE814B28F73E4F00666DFF /* Base */,
			);
			name = Main.storyboard;
			sourceTree = "<group>";
		};
		90DE814F28F73E5100666DFF /* LaunchScreen.storyboard */ = {
			isa = PBXVariantGroup;
			children = (
				90DE815028F73E5100666DFF /* Base */,
			);
			name = LaunchScreen.storyboard;
			sourceTree = "<group>";
		};
/* End PBXVariantGroup section */

/* Begin XCBuildConfiguration section */
		90DE815328F73E5100666DFF /* Debug */ = {
			isa = XCBuildConfiguration;
			buildSettings = {
				ALWAYS_SEARCH_USER_PATHS = NO;
				CLANG_ANALYZER_NONNULL = YES;
				CLANG_ANALYZER_NUMBER_OBJECT_CONVERSION = YES_AGGRESSIVE;
				CLANG_CXX_LANGUAGE_STANDARD = "gnu++20";
				CLANG_ENABLE_MODULES = YES;
				CLANG_ENABLE_OBJC_ARC = YES;
				CLANG_ENABLE_OBJC_WEAK = YES;
				CLANG_WARN_BLOCK_CAPTURE_AUTORELEASING = YES;
				CLANG_WARN_BOOL_CONVERSION = YES;
				CLANG_WARN_COMMA = YES;
				CLANG_WARN_CONSTANT_CONVERSION = YES;
				CLANG_WARN_DEPRECATED_OBJC_IMPLEMENTATIONS = YES;
				CLANG_WARN_DIRECT_OBJC_ISA_USAGE = YES_ERROR;
				CLANG_WARN_DOCUMENTATION_COMMENTS = YES;
				CLANG_WARN_EMPTY_BODY = YES;
				CLANG_WARN_ENUM_CONVERSION = YES;
				CLANG_WARN_INFINITE_RECURSION = YES;
				CLANG_WARN_INT_CONVERSION = YES;
				CLANG_WARN_NON_LITERAL_NULL_CONVERSION = YES;
				CLANG_WARN_OBJC_IMPLICIT_RETAIN_SELF = YES;
				CLANG_WARN_OBJC_LITERAL_CONVERSION = YES;
				CLANG_WARN_OBJC_ROOT_CLASS = YES_ERROR;
				CLANG_WARN_QUOTED_INCLUDE_IN_FRAMEWORK_HEADER = YES;
				CLANG_WARN_RANGE_LOOP_ANALYSIS = YES;
				CLANG_WARN_STRICT_PROTOTYPES = YES;
				CLANG_WARN_SUSPICIOUS_MOVE = YES;
				CLANG_WARN_UNGUARDED_AVAILABILITY = YES_AGGRESSIVE;
				CLANG_WARN_UNREACHABLE_CODE = YES;
				CLANG_WARN__DUPLICATE_METHOD_MATCH = YES;
				COPY_PHASE_STRIP = NO;
				DEBUG_INFORMATION_FORMAT = dwarf;
				ENABLE_STRICT_OBJC_MSGSEND = YES;
				ENABLE_TESTABILITY = YES;
				GCC_C_LANGUAGE_STANDARD = gnu11;
				GCC_DYNAMIC_NO_PIC = NO;
				GCC_NO_COMMON_BLOCKS = YES;
				GCC_OPTIMIZATION_LEVEL = 0;
				GCC_PREPROCESSOR_DEFINITIONS = (
					"DEBUG=1",
					"$(inherited)",
				);
				GCC_WARN_64_TO_32_BIT_CONVERSION = YES;
				GCC_WARN_ABOUT_RETURN_TYPE = YES_ERROR;
				GCC_WARN_UNDECLARED_SELECTOR = YES;
				GCC_WARN_UNINITIALIZED_AUTOS = YES_AGGRESSIVE;
				GCC_WARN_UNUSED_FUNCTION = YES;
				GCC_WARN_UNUSED_VARIABLE = YES;
				IPHONEOS_DEPLOYMENT_TARGET = 16.0;
				MTL_ENABLE_DEBUG_INFO = INCLUDE_SOURCE;
				MTL_FAST_MATH = YES;
				ONLY_ACTIVE_ARCH = YES;
				SDKROOT = iphoneos;
				SWIFT_ACTIVE_COMPILATION_CONDITIONS = DEBUG;
				SWIFT_OPTIMIZATION_LEVEL = "-Onone";
			};
			name = Debug;
		};
		90DE815428F73E5100666DFF /* Release */ = {
			isa = XCBuildConfiguration;
			buildSettings = {
				ALWAYS_SEARCH_USER_PATHS = NO;
				CLANG_ANALYZER_NONNULL = YES;
				CLANG_ANALYZER_NUMBER_OBJECT_CONVERSION = YES_AGGRESSIVE;
				CLANG_CXX_LANGUAGE_STANDARD = "gnu++20";
				CLANG_ENABLE_MODULES = YES;
				CLANG_ENABLE_OBJC_ARC = YES;
				CLANG_ENABLE_OBJC_WEAK = YES;
				CLANG_WARN_BLOCK_CAPTURE_AUTORELEASING = YES;
				CLANG_WARN_BOOL_CONVERSION = YES;
				CLANG_WARN_COMMA = YES;
				CLANG_WARN_CONSTANT_CONVERSION = YES;
				CLANG_WARN_DEPRECATED_OBJC_IMPLEMENTATIONS = YES;
				CLANG_WARN_DIRECT_OBJC_ISA_USAGE = YES_ERROR;
				CLANG_WARN_DOCUMENTATION_COMMENTS = YES;
				CLANG_WARN_EMPTY_BODY = YES;
				CLANG_WARN_ENUM_CONVERSION = YES;
				CLANG_WARN_INFINITE_RECURSION = YES;
				CLANG_WARN_INT_CONVERSION = YES;
				CLANG_WARN_NON_LITERAL_NULL_CONVERSION = YES;
				CLANG_WARN_OBJC_IMPLICIT_RETAIN_SELF = YES;
				CLANG_WARN_OBJC_LITERAL_CONVERSION = YES;
				CLANG_WARN_OBJC_ROOT_CLASS = YES_ERROR;
				CLANG_WARN_QUOTED_INCLUDE_IN_FRAMEWORK_HEADER = YES;
				CLANG_WARN_RANGE_LOOP_ANALYSIS = YES;
				CLANG_WARN_STRICT_PROTOTYPES = YES;
				CLANG_WARN_SUSPICIOUS_MOVE = YES;
				CLANG_WARN_UNGUARDED_AVAILABILITY = YES_AGGRESSIVE;
				CLANG_WARN_UNREACHABLE_CODE = YES;
				CLANG_WARN__DUPLICATE_METHOD_MATCH = YES;
				COPY_PHASE_STRIP = NO;
				DEBUG_INFORMATION_FORMAT = "dwarf-with-dsym";
				ENABLE_NS_ASSERTIONS = NO;
				ENABLE_STRICT_OBJC_MSGSEND = YES;
				GCC_C_LANGUAGE_STANDARD = gnu11;
				GCC_NO_COMMON_BLOCKS = YES;
				GCC_WARN_64_TO_32_BIT_CONVERSION = YES;
				GCC_WARN_ABOUT_RETURN_TYPE = YES_ERROR;
				GCC_WARN_UNDECLARED_SELECTOR = YES;
				GCC_WARN_UNINITIALIZED_AUTOS = YES_AGGRESSIVE;
				GCC_WARN_UNUSED_FUNCTION = YES;
				GCC_WARN_UNUSED_VARIABLE = YES;
				IPHONEOS_DEPLOYMENT_TARGET = 16.0;
				MTL_ENABLE_DEBUG_INFO = NO;
				MTL_FAST_MATH = YES;
				SDKROOT = iphoneos;
				SWIFT_COMPILATION_MODE = wholemodule;
				SWIFT_OPTIMIZATION_LEVEL = "-O";
				VALIDATE_PRODUCT = YES;
			};
			name = Release;
		};
		90DE815628F73E5100666DFF /* Debug */ = {
			isa = XCBuildConfiguration;
			baseConfigurationReference = 1677848073AC4138A0836BBC /* Pods-ContentModeSample.debug.xcconfig */;
			buildSettings = {
				ASSETCATALOG_COMPILER_APPICON_NAME = AppIcon;
				ASSETCATALOG_COMPILER_GLOBAL_ACCENT_COLOR_NAME = AccentColor;
				CODE_SIGN_STYLE = Automatic;
				CURRENT_PROJECT_VERSION = 1;
				DEVELOPMENT_TEAM = X8RDCFJK95;
				GENERATE_INFOPLIST_FILE = YES;
				INFOPLIST_FILE = ContentModeSample/Info.plist;
				INFOPLIST_KEY_UIApplicationSupportsIndirectInputEvents = YES;
				INFOPLIST_KEY_UILaunchStoryboardName = LaunchScreen;
				INFOPLIST_KEY_UIMainStoryboardFile = Main;
				INFOPLIST_KEY_UISupportedInterfaceOrientations_iPad = "UIInterfaceOrientationPortrait UIInterfaceOrientationPortraitUpsideDown UIInterfaceOrientationLandscapeLeft UIInterfaceOrientationLandscapeRight";
				INFOPLIST_KEY_UISupportedInterfaceOrientations_iPhone = "UIInterfaceOrientationPortrait UIInterfaceOrientationLandscapeLeft UIInterfaceOrientationLandscapeRight";
				LD_RUNPATH_SEARCH_PATHS = (
					"$(inherited)",
					"@executable_path/Frameworks",
				);
				MARKETING_VERSION = 1.0;
				PRODUCT_BUNDLE_IDENTIFIER = com.Kaltura.ContentModeSample;
				PRODUCT_NAME = "$(TARGET_NAME)";
				SWIFT_EMIT_LOC_STRINGS = YES;
				SWIFT_VERSION = 5.0;
				TARGETED_DEVICE_FAMILY = "1,2";
			};
			name = Debug;
		};
		90DE815728F73E5100666DFF /* Release */ = {
			isa = XCBuildConfiguration;
			baseConfigurationReference = 79DE03EBEDD0CB1A35CF6F4E /* Pods-ContentModeSample.release.xcconfig */;
			buildSettings = {
				ASSETCATALOG_COMPILER_APPICON_NAME = AppIcon;
				ASSETCATALOG_COMPILER_GLOBAL_ACCENT_COLOR_NAME = AccentColor;
				CODE_SIGN_STYLE = Automatic;
				CURRENT_PROJECT_VERSION = 1;
				DEVELOPMENT_TEAM = X8RDCFJK95;
				GENERATE_INFOPLIST_FILE = YES;
				INFOPLIST_FILE = ContentModeSample/Info.plist;
				INFOPLIST_KEY_UIApplicationSupportsIndirectInputEvents = YES;
				INFOPLIST_KEY_UILaunchStoryboardName = LaunchScreen;
				INFOPLIST_KEY_UIMainStoryboardFile = Main;
				INFOPLIST_KEY_UISupportedInterfaceOrientations_iPad = "UIInterfaceOrientationPortrait UIInterfaceOrientationPortraitUpsideDown UIInterfaceOrientationLandscapeLeft UIInterfaceOrientationLandscapeRight";
				INFOPLIST_KEY_UISupportedInterfaceOrientations_iPhone = "UIInterfaceOrientationPortrait UIInterfaceOrientationLandscapeLeft UIInterfaceOrientationLandscapeRight";
				LD_RUNPATH_SEARCH_PATHS = (
					"$(inherited)",
					"@executable_path/Frameworks",
				);
				MARKETING_VERSION = 1.0;
				PRODUCT_BUNDLE_IDENTIFIER = com.Kaltura.ContentModeSample;
				PRODUCT_NAME = "$(TARGET_NAME)";
				SWIFT_EMIT_LOC_STRINGS = YES;
				SWIFT_VERSION = 5.0;
				TARGETED_DEVICE_FAMILY = "1,2";
			};
			name = Release;
		};
/* End XCBuildConfiguration section */

/* Begin XCConfigurationList section */
		90DE813C28F73E4F00666DFF /* Build configuration list for PBXProject "ContentModeSample" */ = {
			isa = XCConfigurationList;
			buildConfigurations = (
				90DE815328F73E5100666DFF /* Debug */,
				90DE815428F73E5100666DFF /* Release */,
			);
			defaultConfigurationIsVisible = 0;
			defaultConfigurationName = Release;
		};
		90DE815528F73E5100666DFF /* Build configuration list for PBXNativeTarget "ContentModeSample" */ = {
			isa = XCConfigurationList;
			buildConfigurations = (
				90DE815628F73E5100666DFF /* Debug */,
				90DE815728F73E5100666DFF /* Release */,
			);
			defaultConfigurationIsVisible = 0;
			defaultConfigurationName = Release;
		};
/* End XCConfigurationList section */
	};
	rootObject = 90DE813928F73E4F00666DFF /* Project object */;
}
