PODS:
  - KalturaNetKit (1.2.0):
    - KalturaNetKit/Core (= 1.2.0)
  - KalturaNetKit/Core (1.2.0):
    - SwiftyJSON (= 4.3.0)
  - ObjcExceptionBridging (1.0.1):
    - ObjcExceptionBridging/ObjcExceptionBridging (= 1.0.1)
  - ObjcExceptionBridging/ObjcExceptionBridging (1.0.1)
  - PlayKit (3.11.0):
    - PlayKit/Core (= 3.11.0)
  - PlayKit/Core (3.11.0):
    - KalturaNetKit (~> 1.2.0)
    - PlayKitUtils (~> 0.4.0)
    - SwiftyJSON (= 4.3.0)
    - XCGLogger (= 7.0.0)
  - PlayKitUtils (0.4.0)
  - SwiftyJSON (4.3.0)
  - XCGLogger (7.0.0):
    - XCGLogger/Core (= 7.0.0)
  - XCGLogger/Core (7.0.0):
    - ObjcExceptionBridging

DEPENDENCIES:
  - PlayKit

SPEC REPOS:
  https://github.com/cocoapods/specs.git:
    - KalturaNetKit
    - ObjcExceptionBridging
    - PlayKit
    - PlayKitUtils
    - SwiftyJSON
    - XCGLogger

SPEC CHECKSUMS:
  KalturaNetKit: bd5a963f23f3917a059ac374406143fe2d29bf27
  ObjcExceptionBridging: c30e00eb3700467e695faeea30e26e18bd445001
  PlayKit: 1587a2bb6ef36cd9428fa7f3fc1455b7320773f1
  PlayKitUtils: 98bffe139cffe5cb1fe8fc757b58845c939caf67
  SwiftyJSON: 6faa0040f8b59dead0ee07436cbf76b73c08fd08
  XCGLogger: 0434f15e3909cdc450bb63faf638b8792ab782ab

PODFILE CHECKSUM: aa9381736b7c7244743d45503746a0e1758e25a1

COCOAPODS: 1.7.1
