PODS:
  - GoogleAds-IMA-iOS-SDK (3.8.1)
  - KalturaNetKit (1.2.0):
    - KalturaNetKit/Core (= 1.2.0)
  - KalturaNetKit/Core (1.2.0):
    - SwiftyJSON (= 4.3.0)
  - ObjcExceptionBridging (1.0.1):
    - ObjcExceptionBridging/ObjcExceptionBridging (= 1.0.1)
  - ObjcExceptionBridging/ObjcExceptionBridging (1.0.1)
  - PlayKit (3.10.1):
    - PlayKit/Core (= 3.10.1)
  - PlayKit/AnalyticsCommon (3.10.1):
    - PlayKit/Core
  - PlayKit/Core (3.10.1):
    - KalturaNetKit (~> 1.2.0)
    - PlayKitUtils (~> 0.3.0)
    - SwiftyJSON (= 4.3.0)
    - XCGLogger (= 7.0.0)
  - PlayKit_IMA (1.5.0):
    - GoogleAds-IMA-iOS-SDK (= 3.8.1)
    - PlayKit (~> 3.10.0)
    - XCGLogger (= 7.0.0)
  - PlayKitUtils (0.3.0)
  - PlayKitYoubora (1.4.1):
    - PlayKit/AnalyticsCommon
    - YouboraLib (= 6.1.7)
  - SwiftyJSON (4.3.0)
  - XCGLogger (7.0.0):
    - XCGLogger/Core (= 7.0.0)
  - XCGLogger/Core (7.0.0):
    - ObjcExceptionBridging
  - YouboraLib (6.1.7)

DEPENDENCIES:
  - PlayKit
  - PlayKit_IMA
  - PlayKitYoubora

SPEC REPOS:
  https://github.com/cocoapods/specs.git:
    - GoogleAds-IMA-iOS-SDK
    - KalturaNetKit
    - ObjcExceptionBridging
    - PlayKit
    - PlayKit_IMA
    - PlayKitUtils
    - PlayKitYoubora
    - SwiftyJSON
    - XCGLogger
    - YouboraLib

SPEC CHECKSUMS:
  GoogleAds-IMA-iOS-SDK: 9659b8999443366d2d159413c189e55d88734b78
  KalturaNetKit: bd5a963f23f3917a059ac374406143fe2d29bf27
  ObjcExceptionBridging: c30e00eb3700467e695faeea30e26e18bd445001
  PlayKit: d913462f821b24a8802a557955446461e61e305f
  PlayKit_IMA: 6b54768609e6bead842202322c949061aef86e69
  PlayKitUtils: 6d574d85825fbaad58b39f228e228ee489fa1107
  PlayKitYoubora: 30db9a78cae05701b79981e4078d830781b41e32
  SwiftyJSON: 6faa0040f8b59dead0ee07436cbf76b73c08fd08
  XCGLogger: 0434f15e3909cdc450bb63faf638b8792ab782ab
  YouboraLib: 8c04a76eefd756909d2cc285a75e7cb91e53abee

PODFILE CHECKSUM: 64dbb2788a2264cfcee35d412a9af13e989c7412

COCOAPODS: 1.6.1
