PODS:
  - google-cast-sdk (4.3.3):
    - google-cast-sdk/Core (= 4.3.3)
    - Protobuf (~> 3.0)
  - google-cast-sdk/Core (4.3.3):
    - Protobuf (~> 3.0)
  - KalturaNetKit (0.0.17):
    - KalturaNetKit/Core (= 0.0.17)
  - KalturaNetKit/Core (0.0.17):
    - SwiftyJSON
  - ObjcExceptionBridging (1.0.1):
    - ObjcExceptionBridging/ObjcExceptionBridging (= 1.0.1)
  - ObjcExceptionBridging/ObjcExceptionBridging (1.0.1)
  - PlayKit (3.6.x-dev):
    - PlayKit/Core (= 3.6.x-dev)
  - PlayKit/Core (3.6.x-dev):
    - KalturaNetKit (~> 0.0)
    - PlayKitUtils (= 0.1.4)
    - SwiftyJSON (= 3.1.4)
    - SwiftyXMLParser (= 3.0.3)
    - XCGLogger (~> 6.1.0)
  - PlayKit/GoogleCastAddon (3.6.x-dev):
    - google-cast-sdk (= 4.3.3)
    - PlayKit/Core
  - PlayKitUtils (0.1.4)
  - Protobuf (3.6.1)
  - SwiftyJSON (3.1.4)
  - SwiftyXMLParser (3.0.3)
  - XCGLogger (6.1.0):
    - XCGLogger/Core (= 6.1.0)
  - XCGLogger/Core (6.1.0):
    - ObjcExceptionBridging

DEPENDENCIES:
  - PlayKit (from `https://github.com/kaltura/playkit-ios.git`, branch `develop`)
  - PlayKit/GoogleCastAddon (from `https://github.com/kaltura/playkit-ios.git`, branch `develop`)

SPEC REPOS:
  https://github.com/cocoapods/specs.git:
    - google-cast-sdk
    - KalturaNetKit
    - ObjcExceptionBridging
    - PlayKitUtils
    - Protobuf
    - SwiftyJSON
    - SwiftyXMLParser
    - XCGLogger

EXTERNAL SOURCES:
  PlayKit:
    :branch: develop
    :git: https://github.com/kaltura/playkit-ios.git

CHECKOUT OPTIONS:
  PlayKit:
    :commit: b9bd7d6c822a8048dd2f353f6b07bf579a632b52
    :git: https://github.com/kaltura/playkit-ios.git

SPEC CHECKSUMS:
  google-cast-sdk: 792980f4fa5afd4f9b91f41d582cc75251648f3a
  KalturaNetKit: d37b3c6fc08da9935677fc547c59b25abc3574a3
  ObjcExceptionBridging: c30e00eb3700467e695faeea30e26e18bd445001
  PlayKit: 418c68a5a283aa5e6ab3b263a80fc8f7515dc4fa
  PlayKitUtils: 8f03f72690805e20718be6f913547e0966c835f9
  Protobuf: 1eb9700044745f00181c136ef21b8ff3ad5a0fd5
  SwiftyJSON: c2842d878f95482ffceec5709abc3d05680c0220
  SwiftyXMLParser: 9c6cc0310e778266a63d8eba50d9e07925aab0fb
  XCGLogger: 7f7f43f15dfe3a305fa1342b7dc29af656289abd

PODFILE CHECKSUM: e3eb05696e4a41c6b78fbefbc7aea683e6a0054f

COCOAPODS: 1.6.0.beta.2
