PODS:
  - google-cast-sdk (3.5.0):
    - google-cast-sdk/Core (= 3.5.0)
  - google-cast-sdk/Core (3.5.0)
  - KalturaNetKit (0.0.17):
    - KalturaNetKit/Core (= 0.0.17)
  - KalturaNetKit/Core (0.0.17):
    - SwiftyJSON
  - Log (1.0)
  - PlayKit (3.5.x-dev):
    - PlayKit/Core (= 3.5.x-dev)
  - PlayKit/Core (3.5.x-dev):
    - KalturaNetKit (~> 0.0)
    - Log (= 1.0)
    - PlayKitUtils (= 0.1.4)
    - SwiftyJSON (= 3.1.4)
    - SwiftyXMLParser (= 3.0.3)
  - PlayKit/GoogleCastAddon (3.5.x-dev):
    - google-cast-sdk (= 3.5)
    - PlayKit/Core
  - PlayKitUtils (0.1.4)
  - SwiftyJSON (3.1.4)
  - SwiftyXMLParser (3.0.3)

DEPENDENCIES:
  - PlayKit (from `../../playkit-ios`)
  - PlayKit/GoogleCastAddon (from `../../playkit-ios`)

SPEC REPOS:
  https://github.com/cocoapods/specs.git:
    - google-cast-sdk
    - KalturaNetKit
    - Log
    - PlayKitUtils
    - SwiftyJSON
    - SwiftyXMLParser

EXTERNAL SOURCES:
  PlayKit:
    :path: "../../playkit-ios"

SPEC CHECKSUMS:
  google-cast-sdk: fc3728ead66150ac746e001ba03a44e4b10e359e
  KalturaNetKit: d37b3c6fc08da9935677fc547c59b25abc3574a3
  Log: 5e368c9528db07517d18d2d04ff5fe2b6f5a1e21
  PlayKit: 619d23bcbe33828494c8812f5daed4bb91e47917
  PlayKitUtils: 8f03f72690805e20718be6f913547e0966c835f9
  SwiftyJSON: c2842d878f95482ffceec5709abc3d05680c0220
  SwiftyXMLParser: 9c6cc0310e778266a63d8eba50d9e07925aab0fb

PODFILE CHECKSUM: ee52a5dd17773240e342dc3ff2e14814c900b90d

COCOAPODS: 1.5.3
