PODS:
  - KalturaNetKit (1.2.0):
    - KalturaNetKit/Core (= 1.2.0)
  - KalturaNetKit/Core (1.2.0):
    - SwiftyJSON (= 4.3.0)
  - ObjcExceptionBridging (1.0.1):
    - ObjcExceptionBridging/ObjcExceptionBridging (= 1.0.1)
  - ObjcExceptionBridging/ObjcExceptionBridging (1.0.1)
  - PlayKit (3.10.1):
    - PlayKit/Core (= 3.10.1)
  - PlayKit/AnalyticsCommon (3.10.1):
    - PlayKit/Core
  - PlayKit/Core (3.10.1):
    - KalturaNetKit (~> 1.2.0)
    - PlayKitUtils (~> 0.3.0)
    - SwiftyJSON (= 4.3.0)
    - XCGLogger (= 7.0.0)
  - PlayKitProviders (1.3.1):
    - KalturaNetKit
    - PlayKit/AnalyticsCommon
    - PlayKitUtils
    - SwiftyXMLParser (= 5.0.0)
  - PlayKitUtils (0.3.0)
  - SwiftyJSON (4.3.0)
  - SwiftyXMLParser (5.0.0)
  - XCGLogger (7.0.0):
    - XCGLogger/Core (= 7.0.0)
  - XCGLogger/Core (7.0.0):
    - ObjcExceptionBridging

DEPENDENCIES:
  - PlayKit
  - PlayKitProviders

SPEC REPOS:
  https://github.com/cocoapods/specs.git:
    - KalturaNetKit
    - ObjcExceptionBridging
    - PlayKit
    - PlayKitProviders
    - PlayKitUtils
    - SwiftyJSON
    - SwiftyXMLParser
    - XCGLogger

SPEC CHECKSUMS:
  KalturaNetKit: bd5a963f23f3917a059ac374406143fe2d29bf27
  ObjcExceptionBridging: c30e00eb3700467e695faeea30e26e18bd445001
  PlayKit: d913462f821b24a8802a557955446461e61e305f
  PlayKitProviders: 530412b94b67e9f8faa73788da1bd0865bb67b89
  PlayKitUtils: 6d574d85825fbaad58b39f228e228ee489fa1107
  SwiftyJSON: 6faa0040f8b59dead0ee07436cbf76b73c08fd08
  SwiftyXMLParser: 5ebb8793192f403fa8cc691045143906122a7a75
  XCGLogger: 0434f15e3909cdc450bb63faf638b8792ab782ab

PODFILE CHECKSUM: 92558443205a6f18f4d1357dcfb42a87ecdb2b1f

COCOAPODS: 1.6.1
