// !$*UTF8*$!
{
	archiveVersion = 1;
	classes = {
	};
	objectVersion = 46;
	objects = {

/* Begin PBXBuildFile section */
		2005AE251E7FFFFC00FB01B0 /* main.m in Sources */ = {isa = PBXBuildFile; fileRef = 2005AE241E7FFFFC00FB01B0 /* main.m */; };
		2005AE281E7FFFFC00FB01B0 /* AppDelegate.m in Sources */ = {isa = PBXBuildFile; fileRef = 2005AE271E7FFFFC00FB01B0 /* AppDelegate.m */; };
		2005AE2B1E7FFFFC00FB01B0 /* ViewController.m in Sources */ = {isa = PBXBuildFile; fileRef = 2005AE2A1E7FFFFC00FB01B0 /* ViewController.m */; };
		2005AE2E1E7FFFFC00FB01B0 /* Main.storyboard in Resources */ = {isa = PBXBuildFile; fileRef = 2005AE2C1E7FFFFC00FB01B0 /* Main.storyboard */; };
		2005AE301E7FFFFC00FB01B0 /* Assets.xcassets in Resources */ = {isa = PBXBuildFile; fileRef = 2005AE2F1E7FFFFC00FB01B0 /* Assets.xcassets */; };
		2005AE331E7FFFFC00FB01B0 /* LaunchScreen.storyboard in Resources */ = {isa = PBXBuildFile; fileRef = 2005AE311E7FFFFC00FB01B0 /* LaunchScreen.storyboard */; };
		674321084C9A58DEF6A940F2 /* Pods_SharedPods_OVPMediaProviderSample.framework in Frameworks */ = {isa = PBXBuildFile; fileRef = 780C423FEE40A0BC91B45C54 /* Pods_SharedPods_OVPMediaProviderSample.framework */; };
		86AEFB884B3BBA290AED0890 /* Pods_SharedPods_OVPMediaProviderSample_Swift.framework in Frameworks */ = {isa = PBXBuildFile; fileRef = 7E57BB4B44115369EE9A88E1 /* Pods_SharedPods_OVPMediaProviderSample_Swift.framework */; };
		BFD20A601EA891970018FD8A /* AppDelegate.swift in Sources */ = {isa = PBXBuildFile; fileRef = BFD20A5F1EA891970018FD8A /* AppDelegate.swift */; };
		BFD20A621EA891970018FD8A /* ViewController.swift in Sources */ = {isa = PBXBuildFile; fileRef = BFD20A611EA891970018FD8A /* ViewController.swift */; };
		BFD20A651EA891970018FD8A /* Main.storyboard in Resources */ = {isa = PBXBuildFile; fileRef = BFD20A631EA891970018FD8A /* Main.storyboard */; };
		BFD20A671EA891970018FD8A /* Assets.xcassets in Resources */ = {isa = PBXBuildFile; fileRef = BFD20A661EA891970018FD8A /* Assets.xcassets */; };
		BFD20A6A1EA891970018FD8A /* LaunchScreen.storyboard in Resources */ = {isa = PBXBuildFile; fileRef = BFD20A681EA891970018FD8A /* LaunchScreen.storyboard */; };
/* End PBXBuildFile section */

/* Begin PBXFileReference section */
		2005AE201E7FFFFC00FB01B0 /* OVPMediaProviderSample.app */ = {isa = PBXFileReference; explicitFileType = wrapper.application; includeInIndex = 0; path = OVPMediaProviderSample.app; sourceTree = BUILT_PRODUCTS_DIR; };
		2005AE241E7FFFFC00FB01B0 /* main.m */ = {isa = PBXFileReference; lastKnownFileType = sourcecode.c.objc; path = main.m; sourceTree = "<group>"; };
		2005AE261E7FFFFC00FB01B0 /* AppDelegate.h */ = {isa = PBXFileReference; lastKnownFileType = sourcecode.c.h; path = AppDelegate.h; sourceTree = "<group>"; };
		2005AE271E7FFFFC00FB01B0 /* AppDelegate.m */ = {isa = PBXFileReference; lastKnownFileType = sourcecode.c.objc; path = AppDelegate.m; sourceTree = "<group>"; };
		2005AE291E7FFFFC00FB01B0 /* ViewController.h */ = {isa = PBXFileReference; lastKnownFileType = sourcecode.c.h; path = ViewController.h; sourceTree = "<group>"; };
		2005AE2A1E7FFFFC00FB01B0 /* ViewController.m */ = {isa = PBXFileReference; lastKnownFileType = sourcecode.c.objc; path = ViewController.m; sourceTree = "<group>"; };
		2005AE2D1E7FFFFC00FB01B0 /* Base */ = {isa = PBXFileReference; lastKnownFileType = file.storyboard; name = Base; path = Base.lproj/Main.storyboard; sourceTree = "<group>"; };
		2005AE2F1E7FFFFC00FB01B0 /* Assets.xcassets */ = {isa = PBXFileReference; lastKnownFileType = folder.assetcatalog; path = Assets.xcassets; sourceTree = "<group>"; };
		2005AE321E7FFFFC00FB01B0 /* Base */ = {isa = PBXFileReference; lastKnownFileType = file.storyboard; name = Base; path = Base.lproj/LaunchScreen.storyboard; sourceTree = "<group>"; };
		2005AE341E7FFFFC00FB01B0 /* Info.plist */ = {isa = PBXFileReference; lastKnownFileType = text.plist.xml; path = Info.plist; sourceTree = "<group>"; };
		42CACD9776FBBA9D7FC06417 /* Pods-SharedPods-OVPMediaProviderSample.release.xcconfig */ = {isa = PBXFileReference; includeInIndex = 1; lastKnownFileType = text.xcconfig; name = "Pods-SharedPods-OVPMediaProviderSample.release.xcconfig"; path = "Pods/Target Support Files/Pods-SharedPods-OVPMediaProviderSample/Pods-SharedPods-OVPMediaProviderSample.release.xcconfig"; sourceTree = "<group>"; };
		4FCF39E8EEAA1CFA3EF8DCD1 /* Pods-SharedPods-OVPMediaProviderSample.debug.xcconfig */ = {isa = PBXFileReference; includeInIndex = 1; lastKnownFileType = text.xcconfig; name = "Pods-SharedPods-OVPMediaProviderSample.debug.xcconfig"; path = "Pods/Target Support Files/Pods-SharedPods-OVPMediaProviderSample/Pods-SharedPods-OVPMediaProviderSample.debug.xcconfig"; sourceTree = "<group>"; };
		780C423FEE40A0BC91B45C54 /* Pods_SharedPods_OVPMediaProviderSample.framework */ = {isa = PBXFileReference; explicitFileType = wrapper.framework; includeInIndex = 0; path = Pods_SharedPods_OVPMediaProviderSample.framework; sourceTree = BUILT_PRODUCTS_DIR; };
		7E57BB4B44115369EE9A88E1 /* Pods_SharedPods_OVPMediaProviderSample_Swift.framework */ = {isa = PBXFileReference; explicitFileType = wrapper.framework; includeInIndex = 0; path = Pods_SharedPods_OVPMediaProviderSample_Swift.framework; sourceTree = BUILT_PRODUCTS_DIR; };
		8101400E39C1177939EB84D2 /* Pods-SharedPods-OVPMediaProviderSample-Swift.debug.xcconfig */ = {isa = PBXFileReference; includeInIndex = 1; lastKnownFileType = text.xcconfig; name = "Pods-SharedPods-OVPMediaProviderSample-Swift.debug.xcconfig"; path = "Pods/Target Support Files/Pods-SharedPods-OVPMediaProviderSample-Swift/Pods-SharedPods-OVPMediaProviderSample-Swift.debug.xcconfig"; sourceTree = "<group>"; };
		BFD20A5D1EA891970018FD8A /* OVPMediaProviderSample-Swift.app */ = {isa = PBXFileReference; explicitFileType = wrapper.application; includeInIndex = 0; path = "OVPMediaProviderSample-Swift.app"; sourceTree = BUILT_PRODUCTS_DIR; };
		BFD20A5F1EA891970018FD8A /* AppDelegate.swift */ = {isa = PBXFileReference; lastKnownFileType = sourcecode.swift; path = AppDelegate.swift; sourceTree = "<group>"; };
		BFD20A611EA891970018FD8A /* ViewController.swift */ = {isa = PBXFileReference; lastKnownFileType = sourcecode.swift; path = ViewController.swift; sourceTree = "<group>"; };
		BFD20A641EA891970018FD8A /* Base */ = {isa = PBXFileReference; lastKnownFileType = file.storyboard; name = Base; path = Base.lproj/Main.storyboard; sourceTree = "<group>"; };
		BFD20A661EA891970018FD8A /* Assets.xcassets */ = {isa = PBXFileReference; lastKnownFileType = folder.assetcatalog; path = Assets.xcassets; sourceTree = "<group>"; };
		BFD20A691EA891970018FD8A /* Base */ = {isa = PBXFileReference; lastKnownFileType = file.storyboard; name = Base; path = Base.lproj/LaunchScreen.storyboard; sourceTree = "<group>"; };
		BFD20A6B1EA891970018FD8A /* Info.plist */ = {isa = PBXFileReference; lastKnownFileType = text.plist.xml; path = Info.plist; sourceTree = "<group>"; };
		DF79B78FA5EF88514DBEDF20 /* Pods-SharedPods-OVPMediaProviderSample-Swift.release.xcconfig */ = {isa = PBXFileReference; includeInIndex = 1; lastKnownFileType = text.xcconfig; name = "Pods-SharedPods-OVPMediaProviderSample-Swift.release.xcconfig"; path = "Pods/Target Support Files/Pods-SharedPods-OVPMediaProviderSample-Swift/Pods-SharedPods-OVPMediaProviderSample-Swift.release.xcconfig"; sourceTree = "<group>"; };
/* End PBXFileReference section */

/* Begin PBXFrameworksBuildPhase section */
		2005AE1D1E7FFFFC00FB01B0 /* Frameworks */ = {
			isa = PBXFrameworksBuildPhase;
			buildActionMask = 2147483647;
			files = (
				674321084C9A58DEF6A940F2 /* Pods_SharedPods_OVPMediaProviderSample.framework in Frameworks */,
			);
			runOnlyForDeploymentPostprocessing = 0;
		};
		BFD20A5A1EA891970018FD8A /* Frameworks */ = {
			isa = PBXFrameworksBuildPhase;
			buildActionMask = 2147483647;
			files = (
				86AEFB884B3BBA290AED0890 /* Pods_SharedPods_OVPMediaProviderSample_Swift.framework in Frameworks */,
			);
			runOnlyForDeploymentPostprocessing = 0;
		};
/* End PBXFrameworksBuildPhase section */

/* Begin PBXGroup section */
		038BF42658BD95F01F6231B2 /* Pods */ = {
			isa = PBXGroup;
			children = (
				4FCF39E8EEAA1CFA3EF8DCD1 /* Pods-SharedPods-OVPMediaProviderSample.debug.xcconfig */,
				42CACD9776FBBA9D7FC06417 /* Pods-SharedPods-OVPMediaProviderSample.release.xcconfig */,
				8101400E39C1177939EB84D2 /* Pods-SharedPods-OVPMediaProviderSample-Swift.debug.xcconfig */,
				DF79B78FA5EF88514DBEDF20 /* Pods-SharedPods-OVPMediaProviderSample-Swift.release.xcconfig */,
			);
			name = Pods;
			sourceTree = "<group>";
		};
		2005AE171E7FFFFC00FB01B0 = {
			isa = PBXGroup;
			children = (
				2005AE221E7FFFFC00FB01B0 /* OVPMediaProviderSample */,
				BFD20A5E1EA891970018FD8A /* OVPMediaProviderSample-Swift */,
				2005AE211E7FFFFC00FB01B0 /* Products */,
				038BF42658BD95F01F6231B2 /* Pods */,
				A1CB41EB84AED87A5E27414B /* Frameworks */,
			);
			sourceTree = "<group>";
		};
		2005AE211E7FFFFC00FB01B0 /* Products */ = {
			isa = PBXGroup;
			children = (
				2005AE201E7FFFFC00FB01B0 /* OVPMediaProviderSample.app */,
				BFD20A5D1EA891970018FD8A /* OVPMediaProviderSample-Swift.app */,
			);
			name = Products;
			sourceTree = "<group>";
		};
		2005AE221E7FFFFC00FB01B0 /* OVPMediaProviderSample */ = {
			isa = PBXGroup;
			children = (
				2005AE261E7FFFFC00FB01B0 /* AppDelegate.h */,
				2005AE271E7FFFFC00FB01B0 /* AppDelegate.m */,
				2005AE291E7FFFFC00FB01B0 /* ViewController.h */,
				2005AE2A1E7FFFFC00FB01B0 /* ViewController.m */,
				2005AE2C1E7FFFFC00FB01B0 /* Main.storyboard */,
				2005AE2F1E7FFFFC00FB01B0 /* Assets.xcassets */,
				2005AE311E7FFFFC00FB01B0 /* LaunchScreen.storyboard */,
				2005AE341E7FFFFC00FB01B0 /* Info.plist */,
				2005AE231E7FFFFC00FB01B0 /* Supporting Files */,
			);
			path = OVPMediaProviderSample;
			sourceTree = "<group>";
		};
		2005AE231E7FFFFC00FB01B0 /* Supporting Files */ = {
			isa = PBXGroup;
			children = (
				2005AE241E7FFFFC00FB01B0 /* main.m */,
			);
			name = "Supporting Files";
			sourceTree = "<group>";
		};
		A1CB41EB84AED87A5E27414B /* Frameworks */ = {
			isa = PBXGroup;
			children = (
				780C423FEE40A0BC91B45C54 /* Pods_SharedPods_OVPMediaProviderSample.framework */,
				7E57BB4B44115369EE9A88E1 /* Pods_SharedPods_OVPMediaProviderSample_Swift.framework */,
			);
			name = Frameworks;
			sourceTree = "<group>";
		};
		BFD20A5E1EA891970018FD8A /* OVPMediaProviderSample-Swift */ = {
			isa = PBXGroup;
			children = (
				BFD20A5F1EA891970018FD8A /* AppDelegate.swift */,
				BFD20A611EA891970018FD8A /* ViewController.swift */,
				BFD20A631EA891970018FD8A /* Main.storyboard */,
				BFD20A661EA891970018FD8A /* Assets.xcassets */,
				BFD20A681EA891970018FD8A /* LaunchScreen.storyboard */,
				BFD20A6B1EA891970018FD8A /* Info.plist */,
			);
			path = "OVPMediaProviderSample-Swift";
			sourceTree = "<group>";
		};
/* End PBXGroup section */

/* Begin PBXNativeTarget section */
		2005AE1F1E7FFFFC00FB01B0 /* OVPMediaProviderSample */ = {
			isa = PBXNativeTarget;
			buildConfigurationList = 2005AE371E7FFFFC00FB01B0 /* Build configuration list for PBXNativeTarget "OVPMediaProviderSample" */;
			buildPhases = (
				8A88E8D46468D40A5FF8453E /* [CP] Check Pods Manifest.lock */,
				2005AE1C1E7FFFFC00FB01B0 /* Sources */,
				2005AE1D1E7FFFFC00FB01B0 /* Frameworks */,
				2005AE1E1E7FFFFC00FB01B0 /* Resources */,
				3D3A07D54095B7ACF6786FE5 /* [CP] Embed Pods Frameworks */,
			);
			buildRules = (
			);
			dependencies = (
			);
			name = OVPMediaProviderSample;
			productName = OVPMediaProviderSample;
			productReference = 2005AE201E7FFFFC00FB01B0 /* OVPMediaProviderSample.app */;
			productType = "com.apple.product-type.application";
		};
		BFD20A5C1EA891970018FD8A /* OVPMediaProviderSample-Swift */ = {
			isa = PBXNativeTarget;
			buildConfigurationList = BFD20A6E1EA891970018FD8A /* Build configuration list for PBXNativeTarget "OVPMediaProviderSample-Swift" */;
			buildPhases = (
				05076B32999934A618DC0395 /* [CP] Check Pods Manifest.lock */,
				BFD20A591EA891970018FD8A /* Sources */,
				BFD20A5A1EA891970018FD8A /* Frameworks */,
				BFD20A5B1EA891970018FD8A /* Resources */,
				E2199320A5E287F592C55FBB /* [CP] Embed Pods Frameworks */,
			);
			buildRules = (
			);
			dependencies = (
			);
			name = "OVPMediaProviderSample-Swift";
			productName = "OVPMediaProviderSample-Swift";
			productReference = BFD20A5D1EA891970018FD8A /* OVPMediaProviderSample-Swift.app */;
			productType = "com.apple.product-type.application";
		};
/* End PBXNativeTarget section */

/* Begin PBXProject section */
		2005AE181E7FFFFC00FB01B0 /* Project object */ = {
			isa = PBXProject;
			attributes = {
				LastSwiftUpdateCheck = 0830;
				LastUpgradeCheck = 1010;
				ORGANIZATIONNAME = Kaltura;
				TargetAttributes = {
					2005AE1F1E7FFFFC00FB01B0 = {
						CreatedOnToolsVersion = 8.2.1;
						DevelopmentTeam = X8RDCFJK95;
						ProvisioningStyle = Automatic;
					};
					BFD20A5C1EA891970018FD8A = {
						CreatedOnToolsVersion = 8.3;
						DevelopmentTeam = X8RDCFJK95;
						LastSwiftMigration = 0940;
						ProvisioningStyle = Automatic;
					};
				};
			};
			buildConfigurationList = 2005AE1B1E7FFFFC00FB01B0 /* Build configuration list for PBXProject "OVPMediaProviderSample" */;
			compatibilityVersion = "Xcode 3.2";
			developmentRegion = English;
			hasScannedForEncodings = 0;
			knownRegions = (
				en,
				Base,
			);
			mainGroup = 2005AE171E7FFFFC00FB01B0;
			productRefGroup = 2005AE211E7FFFFC00FB01B0 /* Products */;
			projectDirPath = "";
			projectRoot = "";
			targets = (
				2005AE1F1E7FFFFC00FB01B0 /* OVPMediaProviderSample */,
				BFD20A5C1EA891970018FD8A /* OVPMediaProviderSample-Swift */,
			);
		};
/* End PBXProject section */

/* Begin PBXResourcesBuildPhase section */
		2005AE1E1E7FFFFC00FB01B0 /* Resources */ = {
			isa = PBXResourcesBuildPhase;
			buildActionMask = 2147483647;
			files = (
				2005AE331E7FFFFC00FB01B0 /* LaunchScreen.storyboard in Resources */,
				2005AE301E7FFFFC00FB01B0 /* Assets.xcassets in Resources */,
				2005AE2E1E7FFFFC00FB01B0 /* Main.storyboard in Resources */,
			);
			runOnlyForDeploymentPostprocessing = 0;
		};
		BFD20A5B1EA891970018FD8A /* Resources */ = {
			isa = PBXResourcesBuildPhase;
			buildActionMask = 2147483647;
			files = (
				BFD20A6A1EA891970018FD8A /* LaunchScreen.storyboard in Resources */,
				BFD20A671EA891970018FD8A /* Assets.xcassets in Resources */,
				BFD20A651EA891970018FD8A /* Main.storyboard in Resources */,
			);
			runOnlyForDeploymentPostprocessing = 0;
		};
/* End PBXResourcesBuildPhase section */

/* Begin PBXShellScriptBuildPhase section */
		05076B32999934A618DC0395 /* [CP] Check Pods Manifest.lock */ = {
			isa = PBXShellScriptBuildPhase;
			buildActionMask = 2147483647;
			files = (
			);
			inputPaths = (
				"${PODS_PODFILE_DIR_PATH}/Podfile.lock",
				"${PODS_ROOT}/Manifest.lock",
			);
			name = "[CP] Check Pods Manifest.lock";
			outputPaths = (
				"$(DERIVED_FILE_DIR)/Pods-SharedPods-OVPMediaProviderSample-Swift-checkManifestLockResult.txt",
			);
			runOnlyForDeploymentPostprocessing = 0;
			shellPath = /bin/sh;
			shellScript = "diff \"${PODS_PODFILE_DIR_PATH}/Podfile.lock\" \"${PODS_ROOT}/Manifest.lock\" > /dev/null\nif [ $? != 0 ] ; then\n    # print error to STDERR\n    echo \"error: The sandbox is not in sync with the Podfile.lock. Run 'pod install' or update your CocoaPods installation.\" >&2\n    exit 1\nfi\n# This output is used by Xcode 'outputs' to avoid re-running this script phase.\necho \"SUCCESS\" > \"${SCRIPT_OUTPUT_FILE_0}\"\n";
			showEnvVarsInLog = 0;
		};
		3D3A07D54095B7ACF6786FE5 /* [CP] Embed Pods Frameworks */ = {
			isa = PBXShellScriptBuildPhase;
			buildActionMask = 2147483647;
			files = (
			);
			inputPaths = (
				"${PODS_ROOT}/Target Support Files/Pods-SharedPods-OVPMediaProviderSample/Pods-SharedPods-OVPMediaProviderSample-frameworks.sh",
				"${BUILT_PRODUCTS_DIR}/KalturaNetKit/KalturaNetKit.framework",
				"${BUILT_PRODUCTS_DIR}/ObjcExceptionBridging/ObjcExceptionBridging.framework",
				"${BUILT_PRODUCTS_DIR}/PlayKit/PlayKit.framework",
				"${BUILT_PRODUCTS_DIR}/PlayKitProviders/PlayKitProviders.framework",
				"${BUILT_PRODUCTS_DIR}/PlayKitUtils/PlayKitUtils.framework",
				"${BUILT_PRODUCTS_DIR}/SwiftyJSON/SwiftyJSON.framework",
				"${BUILT_PRODUCTS_DIR}/SwiftyXMLParser/SwiftyXMLParser.framework",
				"${BUILT_PRODUCTS_DIR}/XCGLogger/XCGLogger.framework",
			);
			name = "[CP] Embed Pods Frameworks";
			outputPaths = (
				"${TARGET_BUILD_DIR}/${FRAMEWORKS_FOLDER_PATH}/KalturaNetKit.framework",
				"${TARGET_BUILD_DIR}/${FRAMEWORKS_FOLDER_PATH}/ObjcExceptionBridging.framework",
				"${TARGET_BUILD_DIR}/${FRAMEWORKS_FOLDER_PATH}/PlayKit.framework",
				"${TARGET_BUILD_DIR}/${FRAMEWORKS_FOLDER_PATH}/PlayKitProviders.framework",
				"${TARGET_BUILD_DIR}/${FRAMEWORKS_FOLDER_PATH}/PlayKitUtils.framework",
				"${TARGET_BUILD_DIR}/${FRAMEWORKS_FOLDER_PATH}/SwiftyJSON.framework",
				"${TARGET_BUILD_DIR}/${FRAMEWORKS_FOLDER_PATH}/SwiftyXMLParser.framework",
				"${TARGET_BUILD_DIR}/${FRAMEWORKS_FOLDER_PATH}/XCGLogger.framework",
			);
			runOnlyForDeploymentPostprocessing = 0;
			shellPath = /bin/sh;
			shellScript = "\"${PODS_ROOT}/Target Support Files/Pods-SharedPods-OVPMediaProviderSample/Pods-SharedPods-OVPMediaProviderSample-frameworks.sh\"\n";
			showEnvVarsInLog = 0;
		};
		8A88E8D46468D40A5FF8453E /* [CP] Check Pods Manifest.lock */ = {
			isa = PBXShellScriptBuildPhase;
			buildActionMask = 2147483647;
			files = (
			);
			inputPaths = (
				"${PODS_PODFILE_DIR_PATH}/Podfile.lock",
				"${PODS_ROOT}/Manifest.lock",
			);
			name = "[CP] Check Pods Manifest.lock";
			outputPaths = (
				"$(DERIVED_FILE_DIR)/Pods-SharedPods-OVPMediaProviderSample-checkManifestLockResult.txt",
			);
			runOnlyForDeploymentPostprocessing = 0;
			shellPath = /bin/sh;
			shellScript = "diff \"${PODS_PODFILE_DIR_PATH}/Podfile.lock\" \"${PODS_ROOT}/Manifest.lock\" > /dev/null\nif [ $? != 0 ] ; then\n    # print error to STDERR\n    echo \"error: The sandbox is not in sync with the Podfile.lock. Run 'pod install' or update your CocoaPods installation.\" >&2\n    exit 1\nfi\n# This output is used by Xcode 'outputs' to avoid re-running this script phase.\necho \"SUCCESS\" > \"${SCRIPT_OUTPUT_FILE_0}\"\n";
			showEnvVarsInLog = 0;
		};
		E2199320A5E287F592C55FBB /* [CP] Embed Pods Frameworks */ = {
			isa = PBXShellScriptBuildPhase;
			buildActionMask = 2147483647;
			files = (
			);
			inputPaths = (
				"${PODS_ROOT}/Target Support Files/Pods-SharedPods-OVPMediaProviderSample-Swift/Pods-SharedPods-OVPMediaProviderSample-Swift-frameworks.sh",
				"${BUILT_PRODUCTS_DIR}/KalturaNetKit/KalturaNetKit.framework",
				"${BUILT_PRODUCTS_DIR}/ObjcExceptionBridging/ObjcExceptionBridging.framework",
				"${BUILT_PRODUCTS_DIR}/PlayKit/PlayKit.framework",
				"${BUILT_PRODUCTS_DIR}/PlayKitProviders/PlayKitProviders.framework",
				"${BUILT_PRODUCTS_DIR}/PlayKitUtils/PlayKitUtils.framework",
				"${BUILT_PRODUCTS_DIR}/SwiftyJSON/SwiftyJSON.framework",
				"${BUILT_PRODUCTS_DIR}/SwiftyXMLParser/SwiftyXMLParser.framework",
				"${BUILT_PRODUCTS_DIR}/XCGLogger/XCGLogger.framework",
			);
			name = "[CP] Embed Pods Frameworks";
			outputPaths = (
				"${TARGET_BUILD_DIR}/${FRAMEWORKS_FOLDER_PATH}/KalturaNetKit.framework",
				"${TARGET_BUILD_DIR}/${FRAMEWORKS_FOLDER_PATH}/ObjcExceptionBridging.framework",
				"${TARGET_BUILD_DIR}/${FRAMEWORKS_FOLDER_PATH}/PlayKit.framework",
				"${TARGET_BUILD_DIR}/${FRAMEWORKS_FOLDER_PATH}/PlayKitProviders.framework",
				"${TARGET_BUILD_DIR}/${FRAMEWORKS_FOLDER_PATH}/PlayKitUtils.framework",
				"${TARGET_BUILD_DIR}/${FRAMEWORKS_FOLDER_PATH}/SwiftyJSON.framework",
				"${TARGET_BUILD_DIR}/${FRAMEWORKS_FOLDER_PATH}/SwiftyXMLParser.framework",
				"${TARGET_BUILD_DIR}/${FRAMEWORKS_FOLDER_PATH}/XCGLogger.framework",
			);
			runOnlyForDeploymentPostprocessing = 0;
			shellPath = /bin/sh;
			shellScript = "\"${PODS_ROOT}/Target Support Files/Pods-SharedPods-OVPMediaProviderSample-Swift/Pods-SharedPods-OVPMediaProviderSample-Swift-frameworks.sh\"\n";
			showEnvVarsInLog = 0;
		};
/* End PBXShellScriptBuildPhase section */

/* Begin PBXSourcesBuildPhase section */
		2005AE1C1E7FFFFC00FB01B0 /* Sources */ = {
			isa = PBXSourcesBuildPhase;
			buildActionMask = 2147483647;
			files = (
				2005AE2B1E7FFFFC00FB01B0 /* ViewController.m in Sources */,
				2005AE281E7FFFFC00FB01B0 /* AppDelegate.m in Sources */,
				2005AE251E7FFFFC00FB01B0 /* main.m in Sources */,
			);
			runOnlyForDeploymentPostprocessing = 0;
		};
		BFD20A591EA891970018FD8A /* Sources */ = {
			isa = PBXSourcesBuildPhase;
			buildActionMask = 2147483647;
			files = (
				BFD20A621EA891970018FD8A /* ViewController.swift in Sources */,
				BFD20A601EA891970018FD8A /* AppDelegate.swift in Sources */,
			);
			runOnlyForDeploymentPostprocessing = 0;
		};
/* End PBXSourcesBuildPhase section */

/* Begin PBXVariantGroup section */
		2005AE2C1E7FFFFC00FB01B0 /* Main.storyboard */ = {
			isa = PBXVariantGroup;
			children = (
				2005AE2D1E7FFFFC00FB01B0 /* Base */,
			);
			name = Main.storyboard;
			sourceTree = "<group>";
		};
		2005AE311E7FFFFC00FB01B0 /* LaunchScreen.storyboard */ = {
			isa = PBXVariantGroup;
			children = (
				2005AE321E7FFFFC00FB01B0 /* Base */,
			);
			name = LaunchScreen.storyboard;
			sourceTree = "<group>";
		};
		BFD20A631EA891970018FD8A /* Main.storyboard */ = {
			isa = PBXVariantGroup;
			children = (
				BFD20A641EA891970018FD8A /* Base */,
			);
			name = Main.storyboard;
			sourceTree = "<group>";
		};
		BFD20A681EA891970018FD8A /* LaunchScreen.storyboard */ = {
			isa = PBXVariantGroup;
			children = (
				BFD20A691EA891970018FD8A /* Base */,
			);
			name = LaunchScreen.storyboard;
			sourceTree = "<group>";
		};
/* End PBXVariantGroup section */

/* Begin XCBuildConfiguration section */
		2005AE351E7FFFFC00FB01B0 /* Debug */ = {
			isa = XCBuildConfiguration;
			buildSettings = {
				ALWAYS_SEARCH_USER_PATHS = NO;
				CLANG_ANALYZER_NONNULL = YES;
				CLANG_CXX_LANGUAGE_STANDARD = "gnu++0x";
				CLANG_CXX_LIBRARY = "libc++";
				CLANG_ENABLE_MODULES = YES;
				CLANG_ENABLE_OBJC_ARC = YES;
				CLANG_WARN_BLOCK_CAPTURE_AUTORELEASING = YES;
				CLANG_WARN_BOOL_CONVERSION = YES;
				CLANG_WARN_COMMA = YES;
				CLANG_WARN_CONSTANT_CONVERSION = YES;
				CLANG_WARN_DEPRECATED_OBJC_IMPLEMENTATIONS = YES;
				CLANG_WARN_DIRECT_OBJC_ISA_USAGE = YES_ERROR;
				CLANG_WARN_DOCUMENTATION_COMMENTS = YES;
				CLANG_WARN_EMPTY_BODY = YES;
				CLANG_WARN_ENUM_CONVERSION = YES;
				CLANG_WARN_INFINITE_RECURSION = YES;
				CLANG_WARN_INT_CONVERSION = YES;
				CLANG_WARN_NON_LITERAL_NULL_CONVERSION = YES;
				CLANG_WARN_OBJC_IMPLICIT_RETAIN_SELF = YES;
				CLANG_WARN_OBJC_LITERAL_CONVERSION = YES;
				CLANG_WARN_OBJC_ROOT_CLASS = YES_ERROR;
				CLANG_WARN_RANGE_LOOP_ANALYSIS = YES;
				CLANG_WARN_STRICT_PROTOTYPES = YES;
				CLANG_WARN_SUSPICIOUS_MOVE = YES;
				CLANG_WARN_UNREACHABLE_CODE = YES;
				CLANG_WARN__DUPLICATE_METHOD_MATCH = YES;
				"CODE_SIGN_IDENTITY[sdk=iphoneos*]" = "iPhone Developer";
				COPY_PHASE_STRIP = NO;
				DEBUG_INFORMATION_FORMAT = dwarf;
				ENABLE_STRICT_OBJC_MSGSEND = YES;
				ENABLE_TESTABILITY = YES;
				GCC_C_LANGUAGE_STANDARD = gnu99;
				GCC_DYNAMIC_NO_PIC = NO;
				GCC_NO_COMMON_BLOCKS = YES;
				GCC_OPTIMIZATION_LEVEL = 0;
				GCC_PREPROCESSOR_DEFINITIONS = (
					"DEBUG=1",
					"$(inherited)",
				);
				GCC_WARN_64_TO_32_BIT_CONVERSION = YES;
				GCC_WARN_ABOUT_RETURN_TYPE = YES_ERROR;
				GCC_WARN_UNDECLARED_SELECTOR = YES;
				GCC_WARN_UNINITIALIZED_AUTOS = YES_AGGRESSIVE;
				GCC_WARN_UNUSED_FUNCTION = YES;
				GCC_WARN_UNUSED_VARIABLE = YES;
				IPHONEOS_DEPLOYMENT_TARGET = 10.2;
				MTL_ENABLE_DEBUG_INFO = YES;
				ONLY_ACTIVE_ARCH = YES;
				SDKROOT = iphoneos;
				TARGETED_DEVICE_FAMILY = "1,2";
			};
			name = Debug;
		};
		2005AE361E7FFFFC00FB01B0 /* Release */ = {
			isa = XCBuildConfiguration;
			buildSettings = {
				ALWAYS_SEARCH_USER_PATHS = NO;
				CLANG_ANALYZER_NONNULL = YES;
				CLANG_CXX_LANGUAGE_STANDARD = "gnu++0x";
				CLANG_CXX_LIBRARY = "libc++";
				CLANG_ENABLE_MODULES = YES;
				CLANG_ENABLE_OBJC_ARC = YES;
				CLANG_WARN_BLOCK_CAPTURE_AUTORELEASING = YES;
				CLANG_WARN_BOOL_CONVERSION = YES;
				CLANG_WARN_COMMA = YES;
				CLANG_WARN_CONSTANT_CONVERSION = YES;
				CLANG_WARN_DEPRECATED_OBJC_IMPLEMENTATIONS = YES;
				CLANG_WARN_DIRECT_OBJC_ISA_USAGE = YES_ERROR;
				CLANG_WARN_DOCUMENTATION_COMMENTS = YES;
				CLANG_WARN_EMPTY_BODY = YES;
				CLANG_WARN_ENUM_CONVERSION = YES;
				CLANG_WARN_INFINITE_RECURSION = YES;
				CLANG_WARN_INT_CONVERSION = YES;
				CLANG_WARN_NON_LITERAL_NULL_CONVERSION = YES;
				CLANG_WARN_OBJC_IMPLICIT_RETAIN_SELF = YES;
				CLANG_WARN_OBJC_LITERAL_CONVERSION = YES;
				CLANG_WARN_OBJC_ROOT_CLASS = YES_ERROR;
				CLANG_WARN_RANGE_LOOP_ANALYSIS = YES;
				CLANG_WARN_STRICT_PROTOTYPES = YES;
				CLANG_WARN_SUSPICIOUS_MOVE = YES;
				CLANG_WARN_UNREACHABLE_CODE = YES;
				CLANG_WARN__DUPLICATE_METHOD_MATCH = YES;
				"CODE_SIGN_IDENTITY[sdk=iphoneos*]" = "iPhone Developer";
				COPY_PHASE_STRIP = NO;
				DEBUG_INFORMATION_FORMAT = "dwarf-with-dsym";
				ENABLE_NS_ASSERTIONS = NO;
				ENABLE_STRICT_OBJC_MSGSEND = YES;
				GCC_C_LANGUAGE_STANDARD = gnu99;
				GCC_NO_COMMON_BLOCKS = YES;
				GCC_WARN_64_TO_32_BIT_CONVERSION = YES;
				GCC_WARN_ABOUT_RETURN_TYPE = YES_ERROR;
				GCC_WARN_UNDECLARED_SELECTOR = YES;
				GCC_WARN_UNINITIALIZED_AUTOS = YES_AGGRESSIVE;
				GCC_WARN_UNUSED_FUNCTION = YES;
				GCC_WARN_UNUSED_VARIABLE = YES;
				IPHONEOS_DEPLOYMENT_TARGET = 10.2;
				MTL_ENABLE_DEBUG_INFO = NO;
				SDKROOT = iphoneos;
				SWIFT_OPTIMIZATION_LEVEL = "-Owholemodule";
				TARGETED_DEVICE_FAMILY = "1,2";
				VALIDATE_PRODUCT = YES;
			};
			name = Release;
		};
		2005AE381E7FFFFC00FB01B0 /* Debug */ = {
			isa = XCBuildConfiguration;
			baseConfigurationReference = 4FCF39E8EEAA1CFA3EF8DCD1 /* Pods-SharedPods-OVPMediaProviderSample.debug.xcconfig */;
			buildSettings = {
				ALWAYS_EMBED_SWIFT_STANDARD_LIBRARIES = YES;
				ASSETCATALOG_COMPILER_APPICON_NAME = AppIcon;
				DEVELOPMENT_TEAM = X8RDCFJK95;
				INFOPLIST_FILE = OVPMediaProviderSample/Info.plist;
				LD_RUNPATH_SEARCH_PATHS = "$(inherited) @executable_path/Frameworks";
				PRODUCT_BUNDLE_IDENTIFIER = com.kaltura.playkit.OVPMediaProviderSample;
				PRODUCT_NAME = "$(TARGET_NAME)";
			};
			name = Debug;
		};
		2005AE391E7FFFFC00FB01B0 /* Release */ = {
			isa = XCBuildConfiguration;
			baseConfigurationReference = 42CACD9776FBBA9D7FC06417 /* Pods-SharedPods-OVPMediaProviderSample.release.xcconfig */;
			buildSettings = {
				ALWAYS_EMBED_SWIFT_STANDARD_LIBRARIES = YES;
				ASSETCATALOG_COMPILER_APPICON_NAME = AppIcon;
				DEVELOPMENT_TEAM = X8RDCFJK95;
				INFOPLIST_FILE = OVPMediaProviderSample/Info.plist;
				LD_RUNPATH_SEARCH_PATHS = "$(inherited) @executable_path/Frameworks";
				PRODUCT_BUNDLE_IDENTIFIER = com.kaltura.playkit.OVPMediaProviderSample;
				PRODUCT_NAME = "$(TARGET_NAME)";
			};
			name = Release;
		};
		BFD20A6C1EA891970018FD8A /* Debug */ = {
			isa = XCBuildConfiguration;
			baseConfigurationReference = 8101400E39C1177939EB84D2 /* Pods-SharedPods-OVPMediaProviderSample-Swift.debug.xcconfig */;
			buildSettings = {
				ASSETCATALOG_COMPILER_APPICON_NAME = AppIcon;
				CLANG_ANALYZER_NUMBER_OBJECT_CONVERSION = YES_AGGRESSIVE;
				DEVELOPMENT_TEAM = X8RDCFJK95;
				INFOPLIST_FILE = "OVPMediaProviderSample-Swift/Info.plist";
				IPHONEOS_DEPLOYMENT_TARGET = 10.3;
				LD_RUNPATH_SEARCH_PATHS = "$(inherited) @executable_path/Frameworks";
				PRODUCT_BUNDLE_IDENTIFIER = "com.kaltura.avplayer.sample.OVPMediaProviderSample-Swift";
				PRODUCT_NAME = "$(TARGET_NAME)";
				SWIFT_ACTIVE_COMPILATION_CONDITIONS = DEBUG;
				SWIFT_OPTIMIZATION_LEVEL = "-Onone";
				SWIFT_SWIFT3_OBJC_INFERENCE = Default;
				SWIFT_VERSION = 4.2;
			};
			name = Debug;
		};
		BFD20A6D1EA891970018FD8A /* Release */ = {
			isa = XCBuildConfiguration;
			baseConfigurationReference = DF79B78FA5EF88514DBEDF20 /* Pods-SharedPods-OVPMediaProviderSample-Swift.release.xcconfig */;
			buildSettings = {
				ASSETCATALOG_COMPILER_APPICON_NAME = AppIcon;
				CLANG_ANALYZER_NUMBER_OBJECT_CONVERSION = YES_AGGRESSIVE;
				DEVELOPMENT_TEAM = X8RDCFJK95;
				INFOPLIST_FILE = "OVPMediaProviderSample-Swift/Info.plist";
				IPHONEOS_DEPLOYMENT_TARGET = 10.3;
				LD_RUNPATH_SEARCH_PATHS = "$(inherited) @executable_path/Frameworks";
				PRODUCT_BUNDLE_IDENTIFIER = "com.kaltura.avplayer.sample.OVPMediaProviderSample-Swift";
				PRODUCT_NAME = "$(TARGET_NAME)";
				SWIFT_OPTIMIZATION_LEVEL = "-Owholemodule";
				SWIFT_SWIFT3_OBJC_INFERENCE = Default;
				SWIFT_VERSION = 4.2;
			};
			name = Release;
		};
/* End XCBuildConfiguration section */

/* Begin XCConfigurationList section */
		2005AE1B1E7FFFFC00FB01B0 /* Build configuration list for PBXProject "OVPMediaProviderSample" */ = {
			isa = XCConfigurationList;
			buildConfigurations = (
				2005AE351E7FFFFC00FB01B0 /* Debug */,
				2005AE361E7FFFFC00FB01B0 /* Release */,
			);
			defaultConfigurationIsVisible = 0;
			defaultConfigurationName = Release;
		};
		2005AE371E7FFFFC00FB01B0 /* Build configuration list for PBXNativeTarget "OVPMediaProviderSample" */ = {
			isa = XCConfigurationList;
			buildConfigurations = (
				2005AE381E7FFFFC00FB01B0 /* Debug */,
				2005AE391E7FFFFC00FB01B0 /* Release */,
			);
			defaultConfigurationIsVisible = 0;
			defaultConfigurationName = Release;
		};
		BFD20A6E1EA891970018FD8A /* Build configuration list for PBXNativeTarget "OVPMediaProviderSample-Swift" */ = {
			isa = XCConfigurationList;
			buildConfigurations = (
				BFD20A6C1EA891970018FD8A /* Debug */,
				BFD20A6D1EA891970018FD8A /* Release */,
			);
			defaultConfigurationIsVisible = 0;
			defaultConfigurationName = Release;
		};
/* End XCConfigurationList section */
	};
	rootObject = 2005AE181E7FFFFC00FB01B0 /* Project object */;
}
