PODS:
  - GoogleAds-IMA-iOS-SDK (3.6.0)
  - KalturaNetKit (0.0.17):
    - KalturaNetKit/Core (= 0.0.17)
  - KalturaNetKit/Core (0.0.17):
    - SwiftyJSON
  - Log (1.0)
  - PlayKit (3.2.0):
    - PlayKit/Core (= 3.2.0)
  - PlayKit/Core (3.2.0):
    - KalturaNetKit (~> 0.0)
    - Log (= 1.0)
    - SwiftyJSON (= 3.1.4)
    - SwiftyXMLParser (= 3.0.3)
  - PlayKit_IMA (0.0.1):
    - GoogleAds-IMA-iOS-SDK (= 3.6.0)
    - PlayKit/Core
  - SwiftyJSON (3.1.4)
  - SwiftyXMLParser (3.0.3)

DEPENDENCIES:
  - PlayKit (from `https://github.com/kaltura/playkit-ios.git`, branch `master`)
  - PlayKit_IMA

EXTERNAL SOURCES:
  PlayKit:
    :branch: master
    :git: https://github.com/kaltura/playkit-ios.git

CHECKOUT OPTIONS:
  PlayKit:
    :commit: eb8cc8cd913c0e36e797c4a3f52c859244aeab4c
    :git: https://github.com/kaltura/playkit-ios.git

SPEC CHECKSUMS:
  GoogleAds-IMA-iOS-SDK: 193ca918ed33278c29c96683f500524bf788d509
  KalturaNetKit: d37b3c6fc08da9935677fc547c59b25abc3574a3
  Log: 5e368c9528db07517d18d2d04ff5fe2b6f5a1e21
  PlayKit: ed72c7d27621628239050e9cb8251d95362d9a12
  PlayKit_IMA: ea3a09577d44d2fba0ced6d95dfa43fa6ace27f4
  SwiftyJSON: c2842d878f95482ffceec5709abc3d05680c0220
  SwiftyXMLParser: 9c6cc0310e778266a63d8eba50d9e07925aab0fb

PODFILE CHECKSUM: 9474d1aecf2ca51dda98a7b655d121608a77ef90

COCOAPODS: 1.3.1
