PODS:
  - GoogleAds-IMA-iOS-SDK (3.9.0)
  - KalturaNetKit (1.2.0):
    - KalturaNetKit/Core (= 1.2.0)
  - KalturaNetKit/Core (1.2.0):
    - SwiftyJSON (= 4.3.0)
  - ObjcExceptionBridging (1.0.1):
    - ObjcExceptionBridging/ObjcExceptionBridging (= 1.0.1)
  - ObjcExceptionBridging/ObjcExceptionBridging (1.0.1)
  - PlayKit (3.13.0):
    - PlayKit/Core (= 3.13.0)
  - PlayKit/Core (3.13.0):
    - KalturaNetKit (~> 1.2.0)
    - PlayKitUtils (~> 0.4.0)
    - SwiftyJSON (= 4.3.0)
    - XCGLogger (= 7.0.0)
  - PlayKit_IMA (1.7.1):
    - GoogleAds-IMA-iOS-SDK (= 3.9.0)
    - PlayKit (~> 3.11)
    - XCGLogger (= 7.0.0)
  - PlayKitUtils (0.4.0)
  - SwiftyJSON (4.3.0)
  - XCGLogger (7.0.0):
    - XCGLogger/Core (= 7.0.0)
  - XCGLogger/Core (7.0.0):
    - ObjcExceptionBridging

DEPENDENCIES:
  - PlayKit (~> 3.12)
  - PlayKit_IMA (~> 1.7)

SPEC REPOS:
  https://github.com/CocoaPods/Specs.git:
    - GoogleAds-IMA-iOS-SDK
    - KalturaNetKit
    - ObjcExceptionBridging
    - PlayKit
    - PlayKit_IMA
    - PlayKitUtils
    - SwiftyJSON
    - XCGLogger

SPEC CHECKSUMS:
  GoogleAds-IMA-iOS-SDK: 8f57879738137b81a48ba792e42439e6bff5413b
  KalturaNetKit: bd5a963f23f3917a059ac374406143fe2d29bf27
  ObjcExceptionBridging: c30e00eb3700467e695faeea30e26e18bd445001
  PlayKit: 8406830c73b83abba8b340afe21f0e5e6e09cb3c
  PlayKit_IMA: 6f7b7be6ab26e3cc8a22d253c5ddfdee6d0b190e
  PlayKitUtils: 98bffe139cffe5cb1fe8fc757b58845c939caf67
  SwiftyJSON: 6faa0040f8b59dead0ee07436cbf76b73c08fd08
  XCGLogger: 0434f15e3909cdc450bb63faf638b8792ab782ab

PODFILE CHECKSUM: d0e91525236daee9f0512f2bb84df02e035673e0

COCOAPODS: 1.8.0
