PODS:
  - KalturaNetKit (0.0.17):
    - KalturaNetKit/Core (= 0.0.17)
  - KalturaNetKit/Core (0.0.17):
    - SwiftyJSON
  - Log (1.0)
  - PlayKit (3.5.x-dev):
    - PlayKit/Core (= 3.5.x-dev)
  - PlayKit/Core (3.5.x-dev):
    - KalturaNetKit (~> 0.0)
    - Log (= 1.0)
    - PlayKitUtils (= 0.1.4)
    - SwiftyJSON (= 3.1.4)
    - SwiftyXMLParser (= 3.0.3)
  - PlayKitUtils (0.1.4)
  - SwiftyJSON (3.1.4)
  - SwiftyXMLParser (3.0.3)
  - Toast-Swift (3.0.1)

DEPENDENCIES:
  - PlayKit (from `../../playkit-ios`)
  - Toast-Swift

SPEC REPOS:
  https://github.com/cocoapods/specs.git:
    - KalturaNetKit
    - Log
    - PlayKitUtils
    - SwiftyJSON
    - SwiftyXMLParser
    - Toast-Swift

EXTERNAL SOURCES:
  PlayKit:
    :path: "../../playkit-ios"

SPEC CHECKSUMS:
  KalturaNetKit: d37b3c6fc08da9935677fc547c59b25abc3574a3
  Log: 5e368c9528db07517d18d2d04ff5fe2b6f5a1e21
  PlayKit: 619d23bcbe33828494c8812f5daed4bb91e47917
  PlayKitUtils: 8f03f72690805e20718be6f913547e0966c835f9
  SwiftyJSON: c2842d878f95482ffceec5709abc3d05680c0220
  SwiftyXMLParser: 9c6cc0310e778266a63d8eba50d9e07925aab0fb
  Toast-Swift: ba0b01b095aada709d915f9beb1d38184a2721c3

PODFILE CHECKSUM: 0c1a04e323879c7863a78792057b359f30b182c6

COCOAPODS: 1.5.3
