PODS:
  - KalturaNetKit (0.0.17):
    - KalturaNetKit/Core (= 0.0.17)
  - KalturaNetKit/Core (0.0.17):
    - SwiftyJSON
  - Log (1.0)
  - PlayKit (3.3.x-dev):
    - PlayKit/Core (= 3.3.x-dev)
  - PlayKit/AnalyticsCommon (3.3.x-dev):
    - PlayKit/Core
  - PlayKit/Core (3.3.x-dev):
    - Log (= 1.0)
    - SwiftyJSON (= 3.1.4)
    - SwiftyXMLParser (= 3.0.3)
  - PlayKitKava (1.0.0):
    - KalturaNetKit
    - PlayKit/AnalyticsCommon
    - PlayKit/Core
  - PlayKitOVP (1.0.0):
    - KalturaNetKit
    - PlayKit/Core
  - SwiftyJSON (3.1.4)
  - SwiftyXMLParser (3.0.3)

DEPENDENCIES:
  - KalturaNetKit (from `../../netkit-ios`)
  - PlayKit (from `../../playkit-ios`)
  - PlayKitKava (from `../../playkit-ios-kava`)
  - PlayKitOVP (from `../../playkit-ios-ovp`)

EXTERNAL SOURCES:
  KalturaNetKit:
    :path: ../../netkit-ios
  PlayKit:
    :path: ../../playkit-ios
  PlayKitKava:
    :path: ../../playkit-ios-kava
  PlayKitOVP:
    :path: ../../playkit-ios-ovp

SPEC CHECKSUMS:
  KalturaNetKit: 569e0759470db560df9ba0eeeafedc0995c5bfbe
  Log: 5e368c9528db07517d18d2d04ff5fe2b6f5a1e21
  PlayKit: 58212e94622e5cdc4f42b52af6d9b12467015549
  PlayKitKava: 1700602e1236c8c706ce7b25751c1651976a6f84
  PlayKitOVP: f392ca296777f5cafd1486be85e0593d41959185
  SwiftyJSON: c2842d878f95482ffceec5709abc3d05680c0220
  SwiftyXMLParser: 9c6cc0310e778266a63d8eba50d9e07925aab0fb

PODFILE CHECKSUM: 00a14111e1e98415ceb62696315ccd2750edeb3f

COCOAPODS: 1.3.1
