PODS:
  - KalturaNetKit (1.2.0):
    - KalturaNetKit/Core (= 1.2.0)
  - KalturaNetKit/Core (1.2.0):
    - SwiftyJSON (= 4.3.0)
  - ObjcExceptionBridging (1.0.1):
    - ObjcExceptionBridging/ObjcExceptionBridging (= 1.0.1)
  - ObjcExceptionBridging/ObjcExceptionBridging (1.0.1)
  - PlayKit (3.13.0):
    - PlayKit/Core (= 3.13.0)
  - PlayKit/AnalyticsCommon (3.13.0):
    - PlayKit/Core
  - PlayKit/Core (3.13.0):
    - KalturaNetKit (~> 1.2.0)
    - PlayKitUtils (~> 0.4.0)
    - SwiftyJSON (= 4.3.0)
    - XCGLogger (= 7.0.0)
  - PlayKitKava (1.2.1):
    - PlayKit/AnalyticsCommon
    - PlayKit/Core
  - PlayKitProviders (1.4.0):
    - KalturaNetKit
    - PlayKit/AnalyticsCommon
    - PlayKitUtils
    - SwiftyXMLParser (= 5.0.0)
  - PlayKitUtils (0.4.0)
  - PlayKitYoubora (1.4.2):
    - PlayKit/AnalyticsCommon
    - YouboraLib (= 6.1.7)
  - SwiftyJSON (4.3.0)
  - SwiftyXMLParser (5.0.0)
  - XCGLogger (7.0.0):
    - XCGLogger/Core (= 7.0.0)
  - XCGLogger/Core (7.0.0):
    - ObjcExceptionBridging
  - YouboraLib (6.1.7)

DEPENDENCIES:
  - PlayKit (~> 3.12)
  - PlayKitKava (~> 1.2)
  - PlayKitProviders (~> 1.4)
  - PlayKitYoubora (~> 1.4)

SPEC REPOS:
  trunk:
    - KalturaNetKit
    - ObjcExceptionBridging
    - PlayKit
    - PlayKitKava
    - PlayKitProviders
    - PlayKitUtils
    - PlayKitYoubora
    - SwiftyJSON
    - SwiftyXMLParser
    - XCGLogger
    - YouboraLib

SPEC CHECKSUMS:
  KalturaNetKit: bd5a963f23f3917a059ac374406143fe2d29bf27
  ObjcExceptionBridging: c30e00eb3700467e695faeea30e26e18bd445001
  PlayKit: 8406830c73b83abba8b340afe21f0e5e6e09cb3c
  PlayKitKava: 82e9b95dc487b9b4e71d4e62f4aa61362515ca51
  PlayKitProviders: 47acfb2a297b9ea01fa89539614b97e6ab95a1f0
  PlayKitUtils: 98bffe139cffe5cb1fe8fc757b58845c939caf67
  PlayKitYoubora: 45f49971ff979896d94dddd33b8361339339e292
  SwiftyJSON: 6faa0040f8b59dead0ee07436cbf76b73c08fd08
  SwiftyXMLParser: 5ebb8793192f403fa8cc691045143906122a7a75
  XCGLogger: 0434f15e3909cdc450bb63faf638b8792ab782ab
  YouboraLib: 8c04a76eefd756909d2cc285a75e7cb91e53abee

PODFILE CHECKSUM: 71966b0cdec8f176fbce0f6d1e9d4568b33361ee

COCOAPODS: 1.8.0
