// !$*UTF8*$!
{
	archiveVersion = 1;
	classes = {
	};
	objectVersion = 46;
	objects = {

/* Begin PBXBuildFile section */
		E5B01C2918CB74B8AFD22CB3 /* Pods_OfflineSwiftSample.framework in Frameworks */ = {isa = PBXBuildFile; fileRef = 8DF19B47A27080677A65E5B9 /* Pods_OfflineSwiftSample.framework */; };
		FB5F83AF1E87CBFB00CE2562 /* AppDelegate.swift in Sources */ = {isa = PBXBuildFile; fileRef = FB5F83AE1E87CBFB00CE2562 /* AppDelegate.swift */; };
		FB5F83B11E87CBFB00CE2562 /* ViewController.swift in Sources */ = {isa = PBXBuildFile; fileRef = FB5F83B01E87CBFB00CE2562 /* ViewController.swift */; };
		FB5F83B41E87CBFB00CE2562 /* Main.storyboard in Resources */ = {isa = PBXBuildFile; fileRef = FB5F83B21E87CBFB00CE2562 /* Main.storyboard */; };
		FB5F83B61E87CBFB00CE2562 /* Assets.xcassets in Resources */ = {isa = PBXBuildFile; fileRef = FB5F83B51E87CBFB00CE2562 /* Assets.xcassets */; };
		FB5F83B91E87CBFB00CE2562 /* LaunchScreen.storyboard in Resources */ = {isa = PBXBuildFile; fileRef = FB5F83B71E87CBFB00CE2562 /* LaunchScreen.storyboard */; };
/* End PBXBuildFile section */

/* Begin PBXFileReference section */
		3B13AD88AFB403E84D4E6665 /* Pods-OfflineSwiftSample.debug.xcconfig */ = {isa = PBXFileReference; includeInIndex = 1; lastKnownFileType = text.xcconfig; name = "Pods-OfflineSwiftSample.debug.xcconfig"; path = "Pods/Target Support Files/Pods-OfflineSwiftSample/Pods-OfflineSwiftSample.debug.xcconfig"; sourceTree = "<group>"; };
		8DF19B47A27080677A65E5B9 /* Pods_OfflineSwiftSample.framework */ = {isa = PBXFileReference; explicitFileType = wrapper.framework; includeInIndex = 0; path = Pods_OfflineSwiftSample.framework; sourceTree = BUILT_PRODUCTS_DIR; };
		BE54163311C246DF85AE600E /* Pods-OfflineSwiftSample.release.xcconfig */ = {isa = PBXFileReference; includeInIndex = 1; lastKnownFileType = text.xcconfig; name = "Pods-OfflineSwiftSample.release.xcconfig"; path = "Pods/Target Support Files/Pods-OfflineSwiftSample/Pods-OfflineSwiftSample.release.xcconfig"; sourceTree = "<group>"; };
		FB5F83AB1E87CBFB00CE2562 /* OfflineSwiftSample.app */ = {isa = PBXFileReference; explicitFileType = wrapper.application; includeInIndex = 0; path = OfflineSwiftSample.app; sourceTree = BUILT_PRODUCTS_DIR; };
		FB5F83AE1E87CBFB00CE2562 /* AppDelegate.swift */ = {isa = PBXFileReference; lastKnownFileType = sourcecode.swift; path = AppDelegate.swift; sourceTree = "<group>"; };
		FB5F83B01E87CBFB00CE2562 /* ViewController.swift */ = {isa = PBXFileReference; lastKnownFileType = sourcecode.swift; path = ViewController.swift; sourceTree = "<group>"; };
		FB5F83B31E87CBFB00CE2562 /* Base */ = {isa = PBXFileReference; lastKnownFileType = file.storyboard; name = Base; path = Base.lproj/Main.storyboard; sourceTree = "<group>"; };
		FB5F83B51E87CBFB00CE2562 /* Assets.xcassets */ = {isa = PBXFileReference; lastKnownFileType = folder.assetcatalog; path = Assets.xcassets; sourceTree = "<group>"; };
		FB5F83B81E87CBFB00CE2562 /* Base */ = {isa = PBXFileReference; lastKnownFileType = file.storyboard; name = Base; path = Base.lproj/LaunchScreen.storyboard; sourceTree = "<group>"; };
		FB5F83BA1E87CBFB00CE2562 /* Info.plist */ = {isa = PBXFileReference; lastKnownFileType = text.plist.xml; path = Info.plist; sourceTree = "<group>"; };
/* End PBXFileReference section */

/* Begin PBXFrameworksBuildPhase section */
		FB5F83A81E87CBFB00CE2562 /* Frameworks */ = {
			isa = PBXFrameworksBuildPhase;
			buildActionMask = 2147483647;
			files = (
				E5B01C2918CB74B8AFD22CB3 /* Pods_OfflineSwiftSample.framework in Frameworks */,
			);
			runOnlyForDeploymentPostprocessing = 0;
		};
/* End PBXFrameworksBuildPhase section */

/* Begin PBXGroup section */
		80265C353896BD47D0B0206E /* Pods */ = {
			isa = PBXGroup;
			children = (
				3B13AD88AFB403E84D4E6665 /* Pods-OfflineSwiftSample.debug.xcconfig */,
				BE54163311C246DF85AE600E /* Pods-OfflineSwiftSample.release.xcconfig */,
			);
			name = Pods;
			sourceTree = "<group>";
		};
		C7EE5B3196DA4878C0E92FB5 /* Frameworks */ = {
			isa = PBXGroup;
			children = (
				8DF19B47A27080677A65E5B9 /* Pods_OfflineSwiftSample.framework */,
			);
			name = Frameworks;
			sourceTree = "<group>";
		};
		FB5F83A21E87CBFB00CE2562 = {
			isa = PBXGroup;
			children = (
				FB5F83AD1E87CBFB00CE2562 /* OfflineSwiftSample */,
				FB5F83AC1E87CBFB00CE2562 /* Products */,
				80265C353896BD47D0B0206E /* Pods */,
				C7EE5B3196DA4878C0E92FB5 /* Frameworks */,
			);
			sourceTree = "<group>";
		};
		FB5F83AC1E87CBFB00CE2562 /* Products */ = {
			isa = PBXGroup;
			children = (
				FB5F83AB1E87CBFB00CE2562 /* OfflineSwiftSample.app */,
			);
			name = Products;
			sourceTree = "<group>";
		};
		FB5F83AD1E87CBFB00CE2562 /* OfflineSwiftSample */ = {
			isa = PBXGroup;
			children = (
				FB5F83AE1E87CBFB00CE2562 /* AppDelegate.swift */,
				FB5F83B01E87CBFB00CE2562 /* ViewController.swift */,
				FB5F83B21E87CBFB00CE2562 /* Main.storyboard */,
				FB5F83B51E87CBFB00CE2562 /* Assets.xcassets */,
				FB5F83B71E87CBFB00CE2562 /* LaunchScreen.storyboard */,
				FB5F83BA1E87CBFB00CE2562 /* Info.plist */,
			);
			path = OfflineSwiftSample;
			sourceTree = "<group>";
		};
/* End PBXGroup section */

/* Begin PBXNativeTarget section */
		FB5F83AA1E87CBFB00CE2562 /* OfflineSwiftSample */ = {
			isa = PBXNativeTarget;
			buildConfigurationList = FB5F83BD1E87CBFB00CE2562 /* Build configuration list for PBXNativeTarget "OfflineSwiftSample" */;
			buildPhases = (
				0722FF4C959973F3C84631FF /* [CP] Check Pods Manifest.lock */,
				FB5F83A71E87CBFB00CE2562 /* Sources */,
				FB5F83A81E87CBFB00CE2562 /* Frameworks */,
				FB5F83A91E87CBFB00CE2562 /* Resources */,
				80961B5DADF780104BD97632 /* [CP] Embed Pods Frameworks */,
				A327BBEDF94A1345BF6E685C /* [CP] Copy Pods Resources */,
			);
			buildRules = (
			);
			dependencies = (
			);
			name = OfflineSwiftSample;
			productName = OfflineSwiftSample;
			productReference = FB5F83AB1E87CBFB00CE2562 /* OfflineSwiftSample.app */;
			productType = "com.apple.product-type.application";
		};
/* End PBXNativeTarget section */

/* Begin PBXProject section */
		FB5F83A31E87CBFB00CE2562 /* Project object */ = {
			isa = PBXProject;
			attributes = {
				LastSwiftUpdateCheck = 0820;
				LastUpgradeCheck = 0820;
				ORGANIZATIONNAME = Kaltura;
				TargetAttributes = {
					FB5F83AA1E87CBFB00CE2562 = {
						CreatedOnToolsVersion = 8.2.1;
						DevelopmentTeam = X8RDCFJK95;
						ProvisioningStyle = Automatic;
					};
				};
			};
			buildConfigurationList = FB5F83A61E87CBFB00CE2562 /* Build configuration list for PBXProject "OfflineSwiftSample" */;
			compatibilityVersion = "Xcode 3.2";
			developmentRegion = English;
			hasScannedForEncodings = 0;
			knownRegions = (
				en,
				Base,
			);
			mainGroup = FB5F83A21E87CBFB00CE2562;
			productRefGroup = FB5F83AC1E87CBFB00CE2562 /* Products */;
			projectDirPath = "";
			projectRoot = "";
			targets = (
				FB5F83AA1E87CBFB00CE2562 /* OfflineSwiftSample */,
			);
		};
/* End PBXProject section */

/* Begin PBXResourcesBuildPhase section */
		FB5F83A91E87CBFB00CE2562 /* Resources */ = {
			isa = PBXResourcesBuildPhase;
			buildActionMask = 2147483647;
			files = (
				FB5F83B91E87CBFB00CE2562 /* LaunchScreen.storyboard in Resources */,
				FB5F83B61E87CBFB00CE2562 /* Assets.xcassets in Resources */,
				FB5F83B41E87CBFB00CE2562 /* Main.storyboard in Resources */,
			);
			runOnlyForDeploymentPostprocessing = 0;
		};
/* End PBXResourcesBuildPhase section */

/* Begin PBXShellScriptBuildPhase section */
		0722FF4C959973F3C84631FF /* [CP] Check Pods Manifest.lock */ = {
			isa = PBXShellScriptBuildPhase;
			buildActionMask = 2147483647;
			files = (
			);
			inputPaths = (
			);
			name = "[CP] Check Pods Manifest.lock";
			outputPaths = (
			);
			runOnlyForDeploymentPostprocessing = 0;
			shellPath = /bin/sh;
			shellScript = "diff \"${PODS_ROOT}/../Podfile.lock\" \"${PODS_ROOT}/Manifest.lock\" > /dev/null\nif [ $? != 0 ] ; then\n    # print error to STDERR\n    echo \"error: The sandbox is not in sync with the Podfile.lock. Run 'pod install' or update your CocoaPods installation.\" >&2\n    exit 1\nfi\n";
			showEnvVarsInLog = 0;
		};
		80961B5DADF780104BD97632 /* [CP] Embed Pods Frameworks */ = {
			isa = PBXShellScriptBuildPhase;
			buildActionMask = 2147483647;
			files = (
			);
			inputPaths = (
			);
			name = "[CP] Embed Pods Frameworks";
			outputPaths = (
			);
			runOnlyForDeploymentPostprocessing = 0;
			shellPath = /bin/sh;
			shellScript = "\"${SRCROOT}/Pods/Target Support Files/Pods-OfflineSwiftSample/Pods-OfflineSwiftSample-frameworks.sh\"\n";
			showEnvVarsInLog = 0;
		};
		A327BBEDF94A1345BF6E685C /* [CP] Copy Pods Resources */ = {
			isa = PBXShellScriptBuildPhase;
			buildActionMask = 2147483647;
			files = (
			);
			inputPaths = (
			);
			name = "[CP] Copy Pods Resources";
			outputPaths = (
			);
			runOnlyForDeploymentPostprocessing = 0;
			shellPath = /bin/sh;
			shellScript = "\"${SRCROOT}/Pods/Target Support Files/Pods-OfflineSwiftSample/Pods-OfflineSwiftSample-resources.sh\"\n";
			showEnvVarsInLog = 0;
		};
/* End PBXShellScriptBuildPhase section */

/* Begin PBXSourcesBuildPhase section */
		FB5F83A71E87CBFB00CE2562 /* Sources */ = {
			isa = PBXSourcesBuildPhase;
			buildActionMask = 2147483647;
			files = (
				FB5F83B11E87CBFB00CE2562 /* ViewController.swift in Sources */,
				FB5F83AF1E87CBFB00CE2562 /* AppDelegate.swift in Sources */,
			);
			runOnlyForDeploymentPostprocessing = 0;
		};
/* End PBXSourcesBuildPhase section */

/* Begin PBXVariantGroup section */
		FB5F83B21E87CBFB00CE2562 /* Main.storyboard */ = {
			isa = PBXVariantGroup;
			children = (
				FB5F83B31E87CBFB00CE2562 /* Base */,
			);
			name = Main.storyboard;
			sourceTree = "<group>";
		};
		FB5F83B71E87CBFB00CE2562 /* LaunchScreen.storyboard */ = {
			isa = PBXVariantGroup;
			children = (
				FB5F83B81E87CBFB00CE2562 /* Base */,
			);
			name = LaunchScreen.storyboard;
			sourceTree = "<group>";
		};
/* End PBXVariantGroup section */

/* Begin XCBuildConfiguration section */
		FB5F83BB1E87CBFB00CE2562 /* Debug */ = {
			isa = XCBuildConfiguration;
			buildSettings = {
				ALWAYS_SEARCH_USER_PATHS = NO;
				CLANG_ANALYZER_NONNULL = YES;
				CLANG_CXX_LANGUAGE_STANDARD = "gnu++0x";
				CLANG_CXX_LIBRARY = "libc++";
				CLANG_ENABLE_MODULES = YES;
				CLANG_ENABLE_OBJC_ARC = YES;
				CLANG_WARN_BOOL_CONVERSION = YES;
				CLANG_WARN_CONSTANT_CONVERSION = YES;
				CLANG_WARN_DIRECT_OBJC_ISA_USAGE = YES_ERROR;
				CLANG_WARN_DOCUMENTATION_COMMENTS = YES;
				CLANG_WARN_EMPTY_BODY = YES;
				CLANG_WARN_ENUM_CONVERSION = YES;
				CLANG_WARN_INFINITE_RECURSION = YES;
				CLANG_WARN_INT_CONVERSION = YES;
				CLANG_WARN_OBJC_ROOT_CLASS = YES_ERROR;
				CLANG_WARN_SUSPICIOUS_MOVE = YES;
				CLANG_WARN_UNREACHABLE_CODE = YES;
				CLANG_WARN__DUPLICATE_METHOD_MATCH = YES;
				"CODE_SIGN_IDENTITY[sdk=iphoneos*]" = "iPhone Developer";
				COPY_PHASE_STRIP = NO;
				DEBUG_INFORMATION_FORMAT = dwarf;
				ENABLE_STRICT_OBJC_MSGSEND = YES;
				ENABLE_TESTABILITY = YES;
				GCC_C_LANGUAGE_STANDARD = gnu99;
				GCC_DYNAMIC_NO_PIC = NO;
				GCC_NO_COMMON_BLOCKS = YES;
				GCC_OPTIMIZATION_LEVEL = 0;
				GCC_PREPROCESSOR_DEFINITIONS = (
					"DEBUG=1",
					"$(inherited)",
				);
				GCC_WARN_64_TO_32_BIT_CONVERSION = YES;
				GCC_WARN_ABOUT_RETURN_TYPE = YES_ERROR;
				GCC_WARN_UNDECLARED_SELECTOR = YES;
				GCC_WARN_UNINITIALIZED_AUTOS = YES_AGGRESSIVE;
				GCC_WARN_UNUSED_FUNCTION = YES;
				GCC_WARN_UNUSED_VARIABLE = YES;
				IPHONEOS_DEPLOYMENT_TARGET = 10.2;
				MTL_ENABLE_DEBUG_INFO = YES;
				ONLY_ACTIVE_ARCH = YES;
				SDKROOT = iphoneos;
				SWIFT_ACTIVE_COMPILATION_CONDITIONS = DEBUG;
				SWIFT_OPTIMIZATION_LEVEL = "-Onone";
				TARGETED_DEVICE_FAMILY = "1,2";
			};
			name = Debug;
		};
		FB5F83BC1E87CBFB00CE2562 /* Release */ = {
			isa = XCBuildConfiguration;
			buildSettings = {
				ALWAYS_SEARCH_USER_PATHS = NO;
				CLANG_ANALYZER_NONNULL = YES;
				CLANG_CXX_LANGUAGE_STANDARD = "gnu++0x";
				CLANG_CXX_LIBRARY = "libc++";
				CLANG_ENABLE_MODULES = YES;
				CLANG_ENABLE_OBJC_ARC = YES;
				CLANG_WARN_BOOL_CONVERSION = YES;
				CLANG_WARN_CONSTANT_CONVERSION = YES;
				CLANG_WARN_DIRECT_OBJC_ISA_USAGE = YES_ERROR;
				CLANG_WARN_DOCUMENTATION_COMMENTS = YES;
				CLANG_WARN_EMPTY_BODY = YES;
				CLANG_WARN_ENUM_CONVERSION = YES;
				CLANG_WARN_INFINITE_RECURSION = YES;
				CLANG_WARN_INT_CONVERSION = YES;
				CLANG_WARN_OBJC_ROOT_CLASS = YES_ERROR;
				CLANG_WARN_SUSPICIOUS_MOVE = YES;
				CLANG_WARN_UNREACHABLE_CODE = YES;
				CLANG_WARN__DUPLICATE_METHOD_MATCH = YES;
				"CODE_SIGN_IDENTITY[sdk=iphoneos*]" = "iPhone Developer";
				COPY_PHASE_STRIP = NO;
				DEBUG_INFORMATION_FORMAT = "dwarf-with-dsym";
				ENABLE_NS_ASSERTIONS = NO;
				ENABLE_STRICT_OBJC_MSGSEND = YES;
				GCC_C_LANGUAGE_STANDARD = gnu99;
				GCC_NO_COMMON_BLOCKS = YES;
				GCC_WARN_64_TO_32_BIT_CONVERSION = YES;
				GCC_WARN_ABOUT_RETURN_TYPE = YES_ERROR;
				GCC_WARN_UNDECLARED_SELECTOR = YES;
				GCC_WARN_UNINITIALIZED_AUTOS = YES_AGGRESSIVE;
				GCC_WARN_UNUSED_FUNCTION = YES;
				GCC_WARN_UNUSED_VARIABLE = YES;
				IPHONEOS_DEPLOYMENT_TARGET = 10.2;
				MTL_ENABLE_DEBUG_INFO = NO;
				SDKROOT = iphoneos;
				SWIFT_OPTIMIZATION_LEVEL = "-Owholemodule";
				TARGETED_DEVICE_FAMILY = "1,2";
				VALIDATE_PRODUCT = YES;
			};
			name = Release;
		};
		FB5F83BE1E87CBFB00CE2562 /* Debug */ = {
			isa = XCBuildConfiguration;
			baseConfigurationReference = 3B13AD88AFB403E84D4E6665 /* Pods-OfflineSwiftSample.debug.xcconfig */;
			buildSettings = {
				ASSETCATALOG_COMPILER_APPICON_NAME = AppIcon;
				DEVELOPMENT_TEAM = X8RDCFJK95;
				INFOPLIST_FILE = OfflineSwiftSample/Info.plist;
				LD_RUNPATH_SEARCH_PATHS = "$(inherited) @executable_path/Frameworks";
				PRODUCT_BUNDLE_IDENTIFIER = com.kaltura.OfflineSwiftSample;
				PRODUCT_NAME = "$(TARGET_NAME)";
				SWIFT_VERSION = 3.0;
			};
			name = Debug;
		};
		FB5F83BF1E87CBFB00CE2562 /* Release */ = {
			isa = XCBuildConfiguration;
			baseConfigurationReference = BE54163311C246DF85AE600E /* Pods-OfflineSwiftSample.release.xcconfig */;
			buildSettings = {
				ASSETCATALOG_COMPILER_APPICON_NAME = AppIcon;
				DEVELOPMENT_TEAM = X8RDCFJK95;
				INFOPLIST_FILE = OfflineSwiftSample/Info.plist;
				LD_RUNPATH_SEARCH_PATHS = "$(inherited) @executable_path/Frameworks";
				PRODUCT_BUNDLE_IDENTIFIER = com.kaltura.OfflineSwiftSample;
				PRODUCT_NAME = "$(TARGET_NAME)";
				SWIFT_VERSION = 3.0;
			};
			name = Release;
		};
/* End XCBuildConfiguration section */

/* Begin XCConfigurationList section */
		FB5F83A61E87CBFB00CE2562 /* Build configuration list for PBXProject "OfflineSwiftSample" */ = {
			isa = XCConfigurationList;
			buildConfigurations = (
				FB5F83BB1E87CBFB00CE2562 /* Debug */,
				FB5F83BC1E87CBFB00CE2562 /* Release */,
			);
			defaultConfigurationIsVisible = 0;
			defaultConfigurationName = Release;
		};
		FB5F83BD1E87CBFB00CE2562 /* Build configuration list for PBXNativeTarget "OfflineSwiftSample" */ = {
			isa = XCConfigurationList;
			buildConfigurations = (
				FB5F83BE1E87CBFB00CE2562 /* Debug */,
				FB5F83BF1E87CBFB00CE2562 /* Release */,
			);
			defaultConfigurationIsVisible = 0;
		};
/* End XCConfigurationList section */
	};
	rootObject = FB5F83A31E87CBFB00CE2562 /* Project object */;
}
