PODS:
  - KalturaNetKit (0.0.17):
    - KalturaNetKit/Core (= 0.0.17)
  - KalturaNetKit/Core (0.0.17):
    - SwiftyJSON
  - ObjcExceptionBridging (1.0.1):
    - ObjcExceptionBridging/ObjcExceptionBridging (= 1.0.1)
  - ObjcExceptionBridging/ObjcExceptionBridging (1.0.1)
  - PlayKit (3.7.0-dev):
    - PlayKit/Core (= 3.7.0-dev)
  - PlayKit/AnalyticsCommon (3.7.0-dev):
    - PlayKit/Core
  - PlayKit/Core (3.7.0-dev):
    - KalturaNetKit (~> 0.0)
    - PlayKitUtils (~> 0.1.6)
    - SwiftyJSON (= 3.1.4)
    - SwiftyXMLParser (= 3.0.3)
    - XCGLogger (~> 6.1.0)
  - PlayKitUtils (0.1.6)
  - PlayKitYoubora (1.0.1-dev):
    - PlayKit/AnalyticsCommon (~> 3.7.0-dev)
    - YouboraLib (= 6.1.7)
  - SwiftyJSON (3.1.4)
  - SwiftyXMLParser (3.0.3)
  - XCGLogger (6.1.0):
    - XCGLogger/Core (= 6.1.0)
  - XCGLogger/Core (6.1.0):
    - ObjcExceptionBridging
  - YouboraLib (6.1.7)

DEPENDENCIES:
  - PlayKit (from `https://github.com/kaltura/playkit-ios.git`, branch `develop`)
  - PlayKitYoubora (from `https://github.com/kaltura/playkit-ios-youbora.git`, branch `V6`)

SPEC REPOS:
  https://github.com/cocoapods/specs.git:
    - KalturaNetKit
    - ObjcExceptionBridging
    - PlayKitUtils
    - SwiftyJSON
    - SwiftyXMLParser
    - XCGLogger
    - YouboraLib

EXTERNAL SOURCES:
  PlayKit:
    :branch: develop
    :git: https://github.com/kaltura/playkit-ios.git
  PlayKitYoubora:
    :branch: V6
    :git: https://github.com/kaltura/playkit-ios-youbora.git

CHECKOUT OPTIONS:
  PlayKit:
    :commit: 8433669c51bea3d5063126cdc562c0913e0ebbd1
    :git: https://github.com/kaltura/playkit-ios.git
  PlayKitYoubora:
    :commit: f6f8284df11bfdde7fb180505bb2beab33996bb3
    :git: https://github.com/kaltura/playkit-ios-youbora.git

SPEC CHECKSUMS:
  KalturaNetKit: d37b3c6fc08da9935677fc547c59b25abc3574a3
  ObjcExceptionBridging: c30e00eb3700467e695faeea30e26e18bd445001
  PlayKit: 638ea66fa7b026fcace6c12219bdf116c746d36c
  PlayKitUtils: 81c0da29a21969ecce8731bc975057682555c9d0
  PlayKitYoubora: aae9983e1c6147203b063c1000f767999e700537
  SwiftyJSON: c2842d878f95482ffceec5709abc3d05680c0220
  SwiftyXMLParser: 9c6cc0310e778266a63d8eba50d9e07925aab0fb
  XCGLogger: 7f7f43f15dfe3a305fa1342b7dc29af656289abd
  YouboraLib: 8c04a76eefd756909d2cc285a75e7cb91e53abee

PODFILE CHECKSUM: df11de82e317f1808c7c4838b592e1290521776a

COCOAPODS: 1.5.3
