PODS:
  - KalturaNetKit (0.0.17):
    - KalturaNetKit/Core (= 0.0.17)
  - KalturaNetKit/Core (0.0.17):
    - SwiftyJSON
  - Log (1.0)
  - PlayKit (3.6.x-dev):
    - PlayKit/Core (= 3.6.x-dev)
  - PlayKit/AnalyticsCommon (3.6.x-dev):
    - PlayKit/Core
  - PlayKit/Core (3.6.x-dev):
    - KalturaNetKit (~> 0.0)
    - Log (= 1.0)
    - PlayKitUtils (= 0.1.4)
    - SwiftyJSON (= 3.1.4)
    - SwiftyXMLParser (= 3.0.3)
  - PlayKitKava (1.0.4):
    - PlayKit/AnalyticsCommon
    - PlayKit/Core
  - PlayKitUtils (0.1.4)
  - SwiftyJSON (3.1.4)
  - SwiftyXMLParser (3.0.3)

DEPENDENCIES:
  - PlayKit (from `../../playkit-ios`)
  - PlayKitKava (from `../../playkit-ios-kava`)

SPEC REPOS:
  https://github.com/cocoapods/specs.git:
    - KalturaNetKit
    - Log
    - PlayKitUtils
    - SwiftyJSON
    - SwiftyXMLParser

EXTERNAL SOURCES:
  PlayKit:
    :path: "../../playkit-ios"
  PlayKitKava:
    :path: "../../playkit-ios-kava"

SPEC CHECKSUMS:
  KalturaNetKit: d37b3c6fc08da9935677fc547c59b25abc3574a3
  Log: 5e368c9528db07517d18d2d04ff5fe2b6f5a1e21
  PlayKit: 58b6e18b33cc1139d78bfb5d441d6165c462800c
  PlayKitKava: 6e8361f3cb7184d39c9d4e13ac8e34e78e136494
  PlayKitUtils: 8f03f72690805e20718be6f913547e0966c835f9
  SwiftyJSON: c2842d878f95482ffceec5709abc3d05680c0220
  SwiftyXMLParser: 9c6cc0310e778266a63d8eba50d9e07925aab0fb

PODFILE CHECKSUM: cd9ebbff92f0b92d7e29699925305c18524b08aa

COCOAPODS: 1.5.3
